// !$*UTF8*$!
{
	archiveVersion = 1;
	classes = {
	};
	objectVersion = 46;
	objects = {

/* Begin PBXBuildFile section */
		0755D4814D1D45F1ADC7533D /* DMSans-Medium.otf in Resources */ = {isa = PBXBuildFile; fileRef = CF08964EF5E0422BB72A7633 /* DMSans-Medium.otf */; };
		0C4CBDE860C54EBAA075E8C0 /* FaceDetection.swift in Sources */ = {isa = PBXBuildFile; fileRef = 56293C8FD043448799FA9D3B /* FaceDetection.swift */; };
		13B07FBC1A68108700A75B9A /* AppDelegate.mm in Sources */ = {isa = PBXBuildFile; fileRef = 13B07FB01A68108700A75B9A /* AppDelegate.mm */; };
		13B07FBF1A68108700A75B9A /* Images.xcassets in Resources */ = {isa = PBXBuildFile; fileRef = 13B07FB51A68108700A75B9A /* Images.xcassets */; };
		13B07FC11A68108700A75B9A /* main.m in Sources */ = {isa = PBXBuildFile; fileRef = 13B07FB71A68108700A75B9A /* main.m */; };
		266D9DE6D25B4ACC8256D376 /* LaunchScreen.storyboard in Resources */ = {isa = PBXBuildFile; fileRef = 7750023BF8034F509BFF18E7 /* LaunchScreen.storyboard */; };
		27CCBF5E8F304ED1BA117BF6 /* AppDelegate.mm in Sources */ = {isa = PBXBuildFile; fileRef = B7493E88A62E45E5B4677E8E /* AppDelegate.mm */; };
		3E461D99554A48A4959DE609 /* LaunchScreen.storyboard in Resources */ = {isa = PBXBuildFile; fileRef = AA286B85B6C04FC6940260E9 /* LaunchScreen.storyboard */; };
		466FB29480ED45F29313B597 /* main.m in Sources */ = {isa = PBXBuildFile; fileRef = 6D70DCF0218B413A89B9CE9C /* main.m */; };
		560558582AD4A53700ACA193 /* DocumentDetection.m in Sources */ = {isa = PBXBuildFile; fileRef = 7C22CFB0FA604E9CB244C293 /* DocumentDetection.m */; };
		560558592AD4A53700ACA193 /* DocumentDetection.swift in Sources */ = {isa = PBXBuildFile; fileRef = 18D35B31474B4EABA7F3BCCC /* DocumentDetection.swift */; };
		5605585A2AD4A56700ACA193 /* BarcodeDetection.m in Sources */ = {isa = PBXBuildFile; fileRef = 9DB45A0E423D42A3A60B4F49 /* BarcodeDetection.m */; };
		5605585B2AD4A56700ACA193 /* BarcodeDetection.swift in Sources */ = {isa = PBXBuildFile; fileRef = 9656CF332E9645429672C9A0 /* BarcodeDetection.swift */; };
		565E890C2AC76BB000EB3CEE /* DocumentDetection.m in Sources */ = {isa = PBXBuildFile; fileRef = 7C22CFB0FA604E9CB244C293 /* DocumentDetection.m */; };
		565E890D2AC76BB000EB3CEE /* DocumentDetection.swift in Sources */ = {isa = PBXBuildFile; fileRef = 18D35B31474B4EABA7F3BCCC /* DocumentDetection.swift */; };
		565E890E2AC76BB000EB3CEE /* BarcodeDetection.m in Sources */ = {isa = PBXBuildFile; fileRef = 9DB45A0E423D42A3A60B4F49 /* BarcodeDetection.m */; };
		565E890F2AC76BB000EB3CEE /* BarcodeDetection.swift in Sources */ = {isa = PBXBuildFile; fileRef = 9656CF332E9645429672C9A0 /* BarcodeDetection.swift */; };
		565E89102AC76BB000EB3CEE /* FaceDetection.m in Sources */ = {isa = PBXBuildFile; fileRef = E3023FBA62F94699A126702B /* FaceDetection.m */; };
		565E89112AC76BB000EB3CEE /* FaceDetection.swift in Sources */ = {isa = PBXBuildFile; fileRef = 56293C8FD043448799FA9D3B /* FaceDetection.swift */; };
		5666E5B62A437AD8005BA1BD /* noop-file.swift in Sources */ = {isa = PBXBuildFile; fileRef = 6F7E7669E54F4BAFA4FD90EE /* noop-file.swift */; };
		5673E5AE2A9E0F54009ED260 /* Bridging-Header.h in Headers */ = {isa = PBXBuildFile; fileRef = 5673E5AD2A9E0F54009ED260 /* Bridging-Header.h */; };
		5673E5AF2A9E0F54009ED260 /* Bridging-Header.h in Headers */ = {isa = PBXBuildFile; fileRef = 5673E5AD2A9E0F54009ED260 /* Bridging-Header.h */; };
		5673E5B32A9E1477009ED260 /* Attestation.swift in Sources */ = {isa = PBXBuildFile; fileRef = 5673E5B22A9E1477009ED260 /* Attestation.swift */; };
		5673E5B42A9E1477009ED260 /* Attestation.swift in Sources */ = {isa = PBXBuildFile; fileRef = 5673E5B22A9E1477009ED260 /* Attestation.swift */; };
		5673E5B92A9E14A9009ED260 /* Keychain.swift in Sources */ = {isa = PBXBuildFile; fileRef = 5673E5B82A9E14A9009ED260 /* Keychain.swift */; };
		5673E5BA2A9E14A9009ED260 /* Keychain.swift in Sources */ = {isa = PBXBuildFile; fileRef = 5673E5B82A9E14A9009ED260 /* Keychain.swift */; };
		5673E5C82A9E6F3C009ED260 /* DeviceAttestation.swift in Sources */ = {isa = PBXBuildFile; fileRef = 5673E5C72A9E6F3C009ED260 /* DeviceAttestation.swift */; };
		5673E5C92A9E6F3C009ED260 /* DeviceAttestation.swift in Sources */ = {isa = PBXBuildFile; fileRef = 5673E5C72A9E6F3C009ED260 /* DeviceAttestation.swift */; };
		5673E5CB2A9E6F5A009ED260 /* DeviceAttestationBridge.m in Sources */ = {isa = PBXBuildFile; fileRef = 5673E5CA2A9E6F5A009ED260 /* DeviceAttestationBridge.m */; };
		5673E5CC2A9E6F5A009ED260 /* DeviceAttestationBridge.m in Sources */ = {isa = PBXBuildFile; fileRef = 5673E5CA2A9E6F5A009ED260 /* DeviceAttestationBridge.m */; };
		5B02D5BA96E4428ABC097AB8 /* noop-file.swift in Sources */ = {isa = PBXBuildFile; fileRef = 6F7E7669E54F4BAFA4FD90EE /* noop-file.swift */; };
		63B022A994B86C4506955E60 /* libPods-myClip.a in Frameworks */ = {isa = PBXBuildFile; fileRef = 13485920CABDFE00CEEEFEAF /* libPods-myClip.a */; };
		78130D6617B542B38CAA1DC3 /* DMSans-Bold.otf in Resources */ = {isa = PBXBuildFile; fileRef = F4DC3E575BC04DCA98CAB985 /* DMSans-Bold.otf */; };
		7A7369C3766E46B1BBE0DDA2 /* My App Clip.app in Embed App Clips */ = {isa = PBXBuildFile; fileRef = 5EB82C7A0D6D44B0B1406AE4 /* My App Clip.app */; };
		8FE5CCF5CE4448646C3A19E2 /* libPods-my.a in Frameworks */ = {isa = PBXBuildFile; fileRef = 8C375E717DEC55D43936CF13 /* libPods-my.a */; };
		91B1B46AC6184BA0B75A5C48 /* Images.xcassets in Resources */ = {isa = PBXBuildFile; fileRef = 87F4B5E7EE654F87A3F34AEF /* Images.xcassets */; };
		B50387702A853025007F5CA6 /* DMSans-Bold.otf in Resources */ = {isa = PBXBuildFile; fileRef = F4DC3E575BC04DCA98CAB985 /* DMSans-Bold.otf */; };
		B50387712A853025007F5CA6 /* DMSans-Medium.otf in Resources */ = {isa = PBXBuildFile; fileRef = CF08964EF5E0422BB72A7633 /* DMSans-Medium.otf */; };
		B50387722A853025007F5CA6 /* DMSans-Regular.otf in Resources */ = {isa = PBXBuildFile; fileRef = 1B5E3EF874FF4C01A02EEAC2 /* DMSans-Regular.otf */; };
		BDE4A917F16F4ECFB42020A7 /* DMSans-Regular.otf in Resources */ = {isa = PBXBuildFile; fileRef = 1B5E3EF874FF4C01A02EEAC2 /* DMSans-Regular.otf */; };
		D0303F0D1EA740CCA15BC2EA /* FaceDetection.m in Sources */ = {isa = PBXBuildFile; fileRef = E3023FBA62F94699A126702B /* FaceDetection.m */; };
/* End PBXBuildFile section */

/* Begin PBXContainerItemProxy section */
		4C809716A8BF405390847DF6 /* PBXContainerItemProxy */ = {
			isa = PBXContainerItemProxy;
			containerPortal = 83CBB9F71A601CBA00E9B192 /* Project object */;
			proxyType = 1;
			remoteGlobalIDString = C2026E83BD7E47F4AAE20FB9;
			remoteInfo = myClip;
		};
/* End PBXContainerItemProxy section */

/* Begin PBXCopyFilesBuildPhase section */
		4BF3F4B5EC074364BDEAEA4E /* Embed App Clips */ = {
			isa = PBXCopyFilesBuildPhase;
			buildActionMask = 2147483647;
			dstPath = "$(CONTENTS_FOLDER_PATH)/AppClips";
			dstSubfolderSpec = 16;
			files = (
				7A7369C3766E46B1BBE0DDA2 /* My App Clip.app in Embed App Clips */,
			);
			name = "Embed App Clips";
			runOnlyForDeploymentPostprocessing = 0;
		};
/* End PBXCopyFilesBuildPhase section */

/* Begin PBXFileReference section */
		008F07F21AC5B25A0029DE68 /* main.jsbundle */ = {isa = PBXFileReference; fileEncoding = 4; lastKnownFileType = text; path = main.jsbundle; sourceTree = "<group>"; };
		13485920CABDFE00CEEEFEAF /* libPods-myClip.a */ = {isa = PBXFileReference; explicitFileType = archive.ar; includeInIndex = 0; path = "libPods-myClip.a"; sourceTree = BUILT_PRODUCTS_DIR; };
		13B07F961A680F5B00A75B9A /* my.app */ = {isa = PBXFileReference; explicitFileType = wrapper.application; includeInIndex = 0; path = my.app; sourceTree = BUILT_PRODUCTS_DIR; };
		13B07FAF1A68108700A75B9A /* AppDelegate.h */ = {isa = PBXFileReference; fileEncoding = 4; lastKnownFileType = sourcecode.c.h; name = AppDelegate.h; path = my/AppDelegate.h; sourceTree = "<group>"; };
		13B07FB01A68108700A75B9A /* AppDelegate.mm */ = {isa = PBXFileReference; fileEncoding = 4; lastKnownFileType = sourcecode.cpp.objcpp; name = AppDelegate.mm; path = my/AppDelegate.mm; sourceTree = "<group>"; };
		13B07FB51A68108700A75B9A /* Images.xcassets */ = {isa = PBXFileReference; lastKnownFileType = folder.assetcatalog; name = Images.xcassets; path = my/Images.xcassets; sourceTree = "<group>"; };
		13B07FB61A68108700A75B9A /* Info.plist */ = {isa = PBXFileReference; fileEncoding = 4; lastKnownFileType = text.plist.xml; name = Info.plist; path = my/Info.plist; sourceTree = "<group>"; };
		13B07FB71A68108700A75B9A /* main.m */ = {isa = PBXFileReference; fileEncoding = 4; lastKnownFileType = sourcecode.c.objc; name = main.m; path = my/main.m; sourceTree = "<group>"; };
		18D35B31474B4EABA7F3BCCC /* DocumentDetection.swift */ = {isa = PBXFileReference; explicitFileType = undefined; fileEncoding = 4; includeInIndex = 0; lastKnownFileType = sourcecode.swift; path = DocumentDetection.swift; sourceTree = "<group>"; };
		18F8E91FC838F023DF3BA3E9 /* Pods-my.debug.xcconfig */ = {isa = PBXFileReference; includeInIndex = 1; lastKnownFileType = text.xcconfig; name = "Pods-my.debug.xcconfig"; path = "Target Support Files/Pods-my/Pods-my.debug.xcconfig"; sourceTree = "<group>"; };
		1B5E3EF874FF4C01A02EEAC2 /* DMSans-Regular.otf */ = {isa = PBXFileReference; explicitFileType = undefined; fileEncoding = 9; includeInIndex = 0; lastKnownFileType = unknown; name = "DMSans-Regular.otf"; path = "../assets/fonts/DMSans-Regular.otf"; sourceTree = "<group>"; };
		41B99DF686D046AF9888DA0B /* Info.plist */ = {isa = PBXFileReference; explicitFileType = undefined; fileEncoding = 4; includeInIndex = 0; lastKnownFileType = text.plist.xml; path = Info.plist; sourceTree = "<group>"; };
		56293C8FD043448799FA9D3B /* FaceDetection.swift */ = {isa = PBXFileReference; explicitFileType = undefined; fileEncoding = 4; includeInIndex = 0; lastKnownFileType = sourcecode.swift; path = FaceDetection.swift; sourceTree = "<group>"; };
		5673E5AD2A9E0F54009ED260 /* Bridging-Header.h */ = {isa = PBXFileReference; lastKnownFileType = sourcecode.c.h; path = "Bridging-Header.h"; sourceTree = "<group>"; };
		5673E5B22A9E1477009ED260 /* Attestation.swift */ = {isa = PBXFileReference; lastKnownFileType = sourcecode.swift; path = Attestation.swift; sourceTree = "<group>"; };
		5673E5B82A9E14A9009ED260 /* Keychain.swift */ = {isa = PBXFileReference; lastKnownFileType = sourcecode.swift; path = Keychain.swift; sourceTree = "<group>"; };
		5673E5C72A9E6F3C009ED260 /* DeviceAttestation.swift */ = {isa = PBXFileReference; lastKnownFileType = sourcecode.swift; path = DeviceAttestation.swift; sourceTree = "<group>"; };
		5673E5CA2A9E6F5A009ED260 /* DeviceAttestationBridge.m */ = {isa = PBXFileReference; lastKnownFileType = sourcecode.c.objc; path = DeviceAttestationBridge.m; sourceTree = "<group>"; };
		56F0BB5E2A028BF1000405D0 /* myDebug.entitlements */ = {isa = PBXFileReference; lastKnownFileType = text.plist.entitlements; name = myDebug.entitlements; path = my/myDebug.entitlements; sourceTree = "<group>"; };
		56F0BB5F2A0292D0000405D0 /* myClipDebug.entitlements */ = {isa = PBXFileReference; lastKnownFileType = text.plist.entitlements; path = myClipDebug.entitlements; sourceTree = "<group>"; };
		5D103F0A28FC4D1EB7286496 /* AppDelegate.h */ = {isa = PBXFileReference; explicitFileType = undefined; fileEncoding = 4; includeInIndex = 0; lastKnownFileType = sourcecode.c.h; path = AppDelegate.h; sourceTree = "<group>"; };
		5EB82C7A0D6D44B0B1406AE4 /* My App Clip.app */ = {isa = PBXFileReference; explicitFileType = wrapper.application; fileEncoding = 9; includeInIndex = 0; path = "My App Clip.app"; sourceTree = BUILT_PRODUCTS_DIR; };
		60048BA0ED66A18ABC431DA5 /* Pods-my.release.xcconfig */ = {isa = PBXFileReference; includeInIndex = 1; lastKnownFileType = text.xcconfig; name = "Pods-my.release.xcconfig"; path = "Target Support Files/Pods-my/Pods-my.release.xcconfig"; sourceTree = "<group>"; };
		6D70DCF0218B413A89B9CE9C /* main.m */ = {isa = PBXFileReference; explicitFileType = undefined; fileEncoding = 4; includeInIndex = 0; lastKnownFileType = sourcecode.c.objc; path = main.m; sourceTree = "<group>"; };
		6F7E7669E54F4BAFA4FD90EE /* noop-file.swift */ = {isa = PBXFileReference; explicitFileType = undefined; fileEncoding = 4; includeInIndex = 0; lastKnownFileType = sourcecode.swift; name = "noop-file.swift"; path = "my/noop-file.swift"; sourceTree = "<group>"; };
		76B1E9930B874D399C0F6E7A /* myClip.entitlements */ = {isa = PBXFileReference; explicitFileType = undefined; fileEncoding = 9; includeInIndex = 0; lastKnownFileType = unknown; path = myClip.entitlements; sourceTree = "<group>"; };
		7750023BF8034F509BFF18E7 /* LaunchScreen.storyboard */ = {isa = PBXFileReference; explicitFileType = undefined; fileEncoding = 9; includeInIndex = 0; lastKnownFileType = file.storyboard; path = LaunchScreen.storyboard; sourceTree = "<group>"; };
		7C22CFB0FA604E9CB244C293 /* DocumentDetection.m */ = {isa = PBXFileReference; explicitFileType = undefined; fileEncoding = 4; includeInIndex = 0; lastKnownFileType = sourcecode.c.objc; path = DocumentDetection.m; sourceTree = "<group>"; };
		87F4B5E7EE654F87A3F34AEF /* Images.xcassets */ = {isa = PBXFileReference; explicitFileType = undefined; fileEncoding = 9; includeInIndex = 0; lastKnownFileType = folder.assetcatalog; path = Images.xcassets; sourceTree = "<group>"; };
		8C375E717DEC55D43936CF13 /* libPods-my.a */ = {isa = PBXFileReference; explicitFileType = archive.ar; includeInIndex = 0; path = "libPods-my.a"; sourceTree = BUILT_PRODUCTS_DIR; };
		9656CF332E9645429672C9A0 /* BarcodeDetection.swift */ = {isa = PBXFileReference; explicitFileType = undefined; fileEncoding = 4; includeInIndex = 0; lastKnownFileType = sourcecode.swift; path = BarcodeDetection.swift; sourceTree = "<group>"; };
		9DB45A0E423D42A3A60B4F49 /* BarcodeDetection.m */ = {isa = PBXFileReference; explicitFileType = undefined; fileEncoding = 4; includeInIndex = 0; lastKnownFileType = sourcecode.c.objc; path = BarcodeDetection.m; sourceTree = "<group>"; };
		AA286B85B6C04FC6940260E9 /* LaunchScreen.storyboard */ = {isa = PBXFileReference; fileEncoding = 4; lastKnownFileType = file.storyboard; name = LaunchScreen.storyboard; path = my/LaunchScreen.storyboard; sourceTree = "<group>"; };
		B7493E88A62E45E5B4677E8E /* AppDelegate.mm */ = {isa = PBXFileReference; explicitFileType = undefined; fileEncoding = 9; includeInIndex = 0; lastKnownFileType = unknown; path = AppDelegate.mm; sourceTree = "<group>"; };
		BBCF811CBD642208786043ED /* Pods-myClip.debug.xcconfig */ = {isa = PBXFileReference; includeInIndex = 1; lastKnownFileType = text.xcconfig; name = "Pods-myClip.debug.xcconfig"; path = "Target Support Files/Pods-myClip/Pods-myClip.debug.xcconfig"; sourceTree = "<group>"; };
		CF08964EF5E0422BB72A7633 /* DMSans-Medium.otf */ = {isa = PBXFileReference; explicitFileType = undefined; fileEncoding = 9; includeInIndex = 0; lastKnownFileType = unknown; name = "DMSans-Medium.otf"; path = "../assets/fonts/DMSans-Medium.otf"; sourceTree = "<group>"; };
		E3023FBA62F94699A126702B /* FaceDetection.m */ = {isa = PBXFileReference; explicitFileType = undefined; fileEncoding = 4; includeInIndex = 0; lastKnownFileType = sourcecode.c.objc; path = FaceDetection.m; sourceTree = "<group>"; };
		EC18AF38B16C39D15D387B5B /* Pods-myClip.release.xcconfig */ = {isa = PBXFileReference; includeInIndex = 1; lastKnownFileType = text.xcconfig; name = "Pods-myClip.release.xcconfig"; path = "Target Support Files/Pods-myClip/Pods-myClip.release.xcconfig"; sourceTree = "<group>"; };
		ED297162215061F000B7C4FE /* JavaScriptCore.framework */ = {isa = PBXFileReference; lastKnownFileType = wrapper.framework; name = JavaScriptCore.framework; path = System/Library/Frameworks/JavaScriptCore.framework; sourceTree = SDKROOT; };
		F4DC3E575BC04DCA98CAB985 /* DMSans-Bold.otf */ = {isa = PBXFileReference; explicitFileType = undefined; fileEncoding = 9; includeInIndex = 0; lastKnownFileType = unknown; name = "DMSans-Bold.otf"; path = "../assets/fonts/DMSans-Bold.otf"; sourceTree = "<group>"; };
/* End PBXFileReference section */

/* Begin PBXFrameworksBuildPhase section */
		13B07F8C1A680F5B00A75B9A /* Frameworks */ = {
			isa = PBXFrameworksBuildPhase;
			buildActionMask = 2147483647;
			files = (
				8FE5CCF5CE4448646C3A19E2 /* libPods-my.a in Frameworks */,
			);
			runOnlyForDeploymentPostprocessing = 0;
		};
		9D643F47B6C4422A85481A83 /* Frameworks */ = {
			isa = PBXFrameworksBuildPhase;
			buildActionMask = 2147483647;
			files = (
				63B022A994B86C4506955E60 /* libPods-myClip.a in Frameworks */,
			);
			runOnlyForDeploymentPostprocessing = 0;
		};
/* End PBXFrameworksBuildPhase section */

/* Begin PBXGroup section */
		13B07FAE1A68108700A75B9A /* my */ = {
			isa = PBXGroup;
			children = (
				56F0BB5E2A028BF1000405D0 /* myDebug.entitlements */,
				008F07F21AC5B25A0029DE68 /* main.jsbundle */,
				13B07FAF1A68108700A75B9A /* AppDelegate.h */,
				13B07FB01A68108700A75B9A /* AppDelegate.mm */,
				13B07FB51A68108700A75B9A /* Images.xcassets */,
				13B07FB61A68108700A75B9A /* Info.plist */,
				13B07FB71A68108700A75B9A /* main.m */,
				AA286B85B6C04FC6940260E9 /* LaunchScreen.storyboard */,
				6F7E7669E54F4BAFA4FD90EE /* noop-file.swift */,
			);
			name = my;
			sourceTree = "<group>";
		};
		1C724AC814884B19B90C8D2C /* DocumentDetection */ = {
			isa = PBXGroup;
			children = (
				7C22CFB0FA604E9CB244C293 /* DocumentDetection.m */,
				18D35B31474B4EABA7F3BCCC /* DocumentDetection.swift */,
			);
			path = DocumentDetection;
			sourceTree = "<group>";
		};
		2D16E6871FA4F8E400B85C8A /* Frameworks */ = {
			isa = PBXGroup;
			children = (
				ED297162215061F000B7C4FE /* JavaScriptCore.framework */,
				8C375E717DEC55D43936CF13 /* libPods-my.a */,
				13485920CABDFE00CEEEFEAF /* libPods-myClip.a */,
			);
			name = Frameworks;
			sourceTree = "<group>";
		};
		5673E5A62A9E0EB8009ED260 /* Modules */ = {
			isa = PBXGroup;
			children = (
				5673E5AD2A9E0F54009ED260 /* Bridging-Header.h */,
			);
			path = Modules;
			sourceTree = "<group>";
		};
		5673E5B12A9E145B009ED260 /* Signals */ = {
			isa = PBXGroup;
			children = (
				5673E5B22A9E1477009ED260 /* Attestation.swift */,
				5673E5B82A9E14A9009ED260 /* Keychain.swift */,
			);
			path = Signals;
			sourceTree = "<group>";
		};
		56B5B3A02AEB00AB00449C56 /* DeviceAttestation */ = {
			isa = PBXGroup;
			children = (
				5673E5CA2A9E6F5A009ED260 /* DeviceAttestationBridge.m */,
				5673E5C72A9E6F3C009ED260 /* DeviceAttestation.swift */,
			);
			path = DeviceAttestation;
			sourceTree = "<group>";
		};
		832341AE1AAA6A7D00B99B32 /* Libraries */ = {
			isa = PBXGroup;
			children = (
			);
			name = Libraries;
			sourceTree = "<group>";
		};
		83CBB9F61A601CBA00E9B192 = {
			isa = PBXGroup;
			children = (
				56B5B3A02AEB00AB00449C56 /* DeviceAttestation */,
				5673E5B12A9E145B009ED260 /* Signals */,
				5673E5A62A9E0EB8009ED260 /* Modules */,
				13B07FAE1A68108700A75B9A /* my */,
				832341AE1AAA6A7D00B99B32 /* Libraries */,
				83CBBA001A601CBA00E9B192 /* Products */,
				2D16E6871FA4F8E400B85C8A /* Frameworks */,
				D65327D7A22EEC0BE12398D9 /* Pods */,
				9B81401CDDC542B0BE6E9C4C /* myClip */,
				A442EFBDB215462692F15357 /* Resources */,
				1C724AC814884B19B90C8D2C /* DocumentDetection */,
				AA57B1DDDFAE4200AA86AFDC /* BarcodeDetection */,
				B963FF68DE624FB7A7C8AAAD /* FaceDetection */,
			);
			indentWidth = 2;
			sourceTree = "<group>";
			tabWidth = 2;
			usesTabs = 0;
		};
		83CBBA001A601CBA00E9B192 /* Products */ = {
			isa = PBXGroup;
			children = (
				13B07F961A680F5B00A75B9A /* my.app */,
				5EB82C7A0D6D44B0B1406AE4 /* My App Clip.app */,
			);
			name = Products;
			sourceTree = "<group>";
		};
		9B81401CDDC542B0BE6E9C4C /* myClip */ = {
			isa = PBXGroup;
			children = (
				56F0BB5F2A0292D0000405D0 /* myClipDebug.entitlements */,
				5D103F0A28FC4D1EB7286496 /* AppDelegate.h */,
				B7493E88A62E45E5B4677E8E /* AppDelegate.mm */,
				6D70DCF0218B413A89B9CE9C /* main.m */,
				41B99DF686D046AF9888DA0B /* Info.plist */,
				87F4B5E7EE654F87A3F34AEF /* Images.xcassets */,
				7750023BF8034F509BFF18E7 /* LaunchScreen.storyboard */,
				76B1E9930B874D399C0F6E7A /* myClip.entitlements */,
			);
			path = myClip;
			sourceTree = "<group>";
		};
		A442EFBDB215462692F15357 /* Resources */ = {
			isa = PBXGroup;
			children = (
				F4DC3E575BC04DCA98CAB985 /* DMSans-Bold.otf */,
				CF08964EF5E0422BB72A7633 /* DMSans-Medium.otf */,
				1B5E3EF874FF4C01A02EEAC2 /* DMSans-Regular.otf */,
			);
			name = Resources;
			sourceTree = "<group>";
		};
		AA57B1DDDFAE4200AA86AFDC /* BarcodeDetection */ = {
			isa = PBXGroup;
			children = (
				9DB45A0E423D42A3A60B4F49 /* BarcodeDetection.m */,
				9656CF332E9645429672C9A0 /* BarcodeDetection.swift */,
			);
			path = BarcodeDetection;
			sourceTree = "<group>";
		};
		B963FF68DE624FB7A7C8AAAD /* FaceDetection */ = {
			isa = PBXGroup;
			children = (
				E3023FBA62F94699A126702B /* FaceDetection.m */,
				56293C8FD043448799FA9D3B /* FaceDetection.swift */,
			);
			path = FaceDetection;
			sourceTree = "<group>";
		};
		D65327D7A22EEC0BE12398D9 /* Pods */ = {
			isa = PBXGroup;
			children = (
				18F8E91FC838F023DF3BA3E9 /* Pods-my.debug.xcconfig */,
				60048BA0ED66A18ABC431DA5 /* Pods-my.release.xcconfig */,
				BBCF811CBD642208786043ED /* Pods-myClip.debug.xcconfig */,
				EC18AF38B16C39D15D387B5B /* Pods-myClip.release.xcconfig */,
			);
			path = Pods;
			sourceTree = "<group>";
		};
/* End PBXGroup section */

/* Begin PBXHeadersBuildPhase section */
		266C27EE7F62632F79B1CA6D /* Headers */ = {
			isa = PBXHeadersBuildPhase;
			buildActionMask = 2147483647;
			files = (
				5673E5AE2A9E0F54009ED260 /* Bridging-Header.h in Headers */,
			);
			runOnlyForDeploymentPostprocessing = 0;
		};
		5666E5BB2A437B5E005BA1BD /* Headers */ = {
			isa = PBXHeadersBuildPhase;
			buildActionMask = 2147483647;
			files = (
				5673E5AF2A9E0F54009ED260 /* Bridging-Header.h in Headers */,
			);
			runOnlyForDeploymentPostprocessing = 0;
		};
/* End PBXHeadersBuildPhase section */

/* Begin PBXNativeTarget section */
		13B07F861A680F5B00A75B9A /* my */ = {
			isa = PBXNativeTarget;
			buildConfigurationList = 13B07F931A680F5B00A75B9A /* Build configuration list for PBXNativeTarget "my" */;
			buildPhases = (
				4F5CE26FCB592E733E283E64 /* [CP] Check Pods Manifest.lock */,
				FD10A7F022414F080027D42C /* Start Packager */,
				13B07F871A680F5B00A75B9A /* Sources */,
				13B07F8C1A680F5B00A75B9A /* Frameworks */,
				13B07F8E1A680F5B00A75B9A /* Resources */,
				00DD1BFF1BD5951E006B06BC /* Bundle React Native code and images */,
				4BF3F4B5EC074364BDEAEA4E /* Embed App Clips */,
				266C27EE7F62632F79B1CA6D /* Headers */,
				A5AC9D3EF85524F3FBFCDABA /* [CP] Embed Pods Frameworks */,
				59D2A3EFB45795D864F09F15 /* [CP] Copy Pods Resources */,
			);
			buildRules = (
			);
			dependencies = (
				0CCAA13CEEC34D948AB3B4E2 /* PBXTargetDependency */,
			);
			name = my;
			productName = my;
			productReference = 13B07F961A680F5B00A75B9A /* my.app */;
			productType = "com.apple.product-type.application";
		};
		C2026E83BD7E47F4AAE20FB9 /* myClip */ = {
			isa = PBXNativeTarget;
			buildConfigurationList = FD57304F53C24DD88C5E4C40 /* Build configuration list for PBXNativeTarget "myClip" */;
			buildPhases = (
				5B98AA9A50E2D5516BC5F8FF /* [CP] Check Pods Manifest.lock */,
				0A1A10DA613146F38D5DB622 /* Start Packager */,
				5666E5BB2A437B5E005BA1BD /* Headers */,
				A01825E1217B4426A0498B14 /* Sources */,
				9D643F47B6C4422A85481A83 /* Frameworks */,
				03767D9C516140C6998A3D91 /* Resources */,
				8C5F27298C2A47D78EECD38C /* Bundle React Native code and images */,
				526AE5117344DC492E67DBF7 /* [CP] Embed Pods Frameworks */,
				E39C388CCF5F23A08F8ECCDE /* [CP] Copy Pods Resources */,
			);
			buildRules = (
			);
			dependencies = (
			);
			name = myClip;
			productName = myClip;
			productReference = 5EB82C7A0D6D44B0B1406AE4 /* My App Clip.app */;
			productType = "com.apple.product-type.application.on-demand-install-capable";
		};
/* End PBXNativeTarget section */

/* Begin PBXProject section */
		83CBB9F71A601CBA00E9B192 /* Project object */ = {
			isa = PBXProject;
			attributes = {
				LastUpgradeCheck = 1130;
				TargetAttributes = {
					13B07F861A680F5B00A75B9A = {
						DevelopmentTeam = 5F264K8AG4;
						LastSwiftMigration = 1250;
						ProvisioningStyle = Automatic;
					};
					C2026E83BD7E47F4AAE20FB9 = {
						DevelopmentTeam = 5F264K8AG4;
						LastSwiftMigration = 1250;
						ProvisioningStyle = Automatic;
					};
				};
			};
			buildConfigurationList = 83CBB9FA1A601CBA00E9B192 /* Build configuration list for PBXProject "my" */;
			compatibilityVersion = "Xcode 3.2";
			developmentRegion = en;
			hasScannedForEncodings = 0;
			knownRegions = (
				en,
				Base,
			);
			mainGroup = 83CBB9F61A601CBA00E9B192;
			productRefGroup = 83CBBA001A601CBA00E9B192 /* Products */;
			projectDirPath = "";
			projectRoot = "";
			targets = (
				13B07F861A680F5B00A75B9A /* my */,
				C2026E83BD7E47F4AAE20FB9 /* myClip */,
			);
		};
/* End PBXProject section */

/* Begin PBXResourcesBuildPhase section */
		03767D9C516140C6998A3D91 /* Resources */ = {
			isa = PBXResourcesBuildPhase;
			buildActionMask = 2147483647;
			files = (
				B50387702A853025007F5CA6 /* DMSans-Bold.otf in Resources */,
				B50387712A853025007F5CA6 /* DMSans-Medium.otf in Resources */,
				B50387722A853025007F5CA6 /* DMSans-Regular.otf in Resources */,
				91B1B46AC6184BA0B75A5C48 /* Images.xcassets in Resources */,
				266D9DE6D25B4ACC8256D376 /* LaunchScreen.storyboard in Resources */,
			);
			runOnlyForDeploymentPostprocessing = 0;
		};
		13B07F8E1A680F5B00A75B9A /* Resources */ = {
			isa = PBXResourcesBuildPhase;
			buildActionMask = 2147483647;
			files = (
				13B07FBF1A68108700A75B9A /* Images.xcassets in Resources */,
				3E461D99554A48A4959DE609 /* LaunchScreen.storyboard in Resources */,
				78130D6617B542B38CAA1DC3 /* DMSans-Bold.otf in Resources */,
				0755D4814D1D45F1ADC7533D /* DMSans-Medium.otf in Resources */,
				BDE4A917F16F4ECFB42020A7 /* DMSans-Regular.otf in Resources */,
			);
			runOnlyForDeploymentPostprocessing = 0;
		};
/* End PBXResourcesBuildPhase section */

/* Begin PBXShellScriptBuildPhase section */
		00DD1BFF1BD5951E006B06BC /* Bundle React Native code and images */ = {
			isa = PBXShellScriptBuildPhase;
			buildActionMask = 2147483647;
			files = (
			);
			inputPaths = (
			);
			name = "Bundle React Native code and images";
			outputPaths = (
			);
			runOnlyForDeploymentPostprocessing = 0;
			shellPath = /bin/sh;
			shellScript = "if [[ -f \"$PODS_ROOT/../.xcode.env\" ]]; then\n  source \"$PODS_ROOT/../.xcode.env\"\nfi\nif [[ -f \"$PODS_ROOT/../.xcode.env.local\" ]]; then\n  source \"$PODS_ROOT/../.xcode.env.local\"\nfi\n\n# The project root by default is one level up from the ios directory\nexport PROJECT_ROOT=\"$PROJECT_DIR\"/..\n\nif [[ \"$CONFIGURATION\" = *Debug* ]]; then\n  export SKIP_BUNDLING=1\nfi\nif [[ -z \"$ENTRY_FILE\" ]]; then\n  # Set the entry JS file using the bundler's entry resolution.\n  export ENTRY_FILE=\"$(\"$NODE_BINARY\" -e \"require('expo/scripts/resolveAppEntry')\" $PROJECT_ROOT ios relative | tail -n 1)\"\nfi\n\n`\"$NODE_BINARY\" --print \"require('path').dirname(require.resolve('react-native/package.json')) + '/scripts/react-native-xcode.sh'\"`\n\n";
		};
		0A1A10DA613146F38D5DB622 /* Start Packager */ = {
			isa = PBXShellScriptBuildPhase;
			buildActionMask = 2147483647;
			files = (
			);
			inputPaths = (
			);
			name = "Start Packager";
			outputPaths = (
			);
			runOnlyForDeploymentPostprocessing = 0;
			shellPath = /bin/sh;
			shellScript = "if [[ -f \"$PODS_ROOT/../.xcode.env\" ]]; then\n  source \"$PODS_ROOT/../.xcode.env\"\nfi\nif [[ -f \"$PODS_ROOT/../.xcode.env.local\" ]]; then\n  source \"$PODS_ROOT/../.xcode.env.local\"\nfi\n\nexport RCT_METRO_PORT=\"${RCT_METRO_PORT:=8081}\"\necho \"export RCT_METRO_PORT=${RCT_METRO_PORT}\" > `$NODE_BINARY --print \"require('path').dirname(require.resolve('react-native/package.json')) + '/scripts/.packager.env'\"`\nif [ -z \"${RCT_NO_LAUNCH_PACKAGER+xxx}\" ] ; then\n  if nc -w 5 -z localhost ${RCT_METRO_PORT} ; then\n    if ! curl -s \"http://localhost:${RCT_METRO_PORT}/status\" | grep -q \"packager-status:running\" ; then\n      echo \"Port ${RCT_METRO_PORT} already in use, packager is either not running or not running correctly\"\n      exit 2\n    fi\n  else\n    open `$NODE_BINARY --print \"require('path').dirname(require.resolve('react-native/package.json')) + '/scripts/launchPackager.command'\"` || echo \"Can't start packager automatically\"\n  fi\nfi\n";
		};
		4F5CE26FCB592E733E283E64 /* [CP] Check Pods Manifest.lock */ = {
			isa = PBXShellScriptBuildPhase;
			buildActionMask = 2147483647;
			files = (
			);
			inputFileListPaths = (
			);
			inputPaths = (
				"${PODS_PODFILE_DIR_PATH}/Podfile.lock",
				"${PODS_ROOT}/Manifest.lock",
			);
			name = "[CP] Check Pods Manifest.lock";
			outputFileListPaths = (
			);
			outputPaths = (
				"$(DERIVED_FILE_DIR)/Pods-my-checkManifestLockResult.txt",
			);
			runOnlyForDeploymentPostprocessing = 0;
			shellPath = /bin/sh;
			shellScript = "diff \"${PODS_PODFILE_DIR_PATH}/Podfile.lock\" \"${PODS_ROOT}/Manifest.lock\" > /dev/null\nif [ $? != 0 ] ; then\n    # print error to STDERR\n    echo \"error: The sandbox is not in sync with the Podfile.lock. Run 'pod install' or update your CocoaPods installation.\" >&2\n    exit 1\nfi\n# This output is used by Xcode 'outputs' to avoid re-running this script phase.\necho \"SUCCESS\" > \"${SCRIPT_OUTPUT_FILE_0}\"\n";
			showEnvVarsInLog = 0;
		};
		526AE5117344DC492E67DBF7 /* [CP] Embed Pods Frameworks */ = {
			isa = PBXShellScriptBuildPhase;
			buildActionMask = 2147483647;
			files = (
			);
			inputPaths = (
				"${PODS_ROOT}/Target Support Files/Pods-myClip/Pods-myClip-frameworks.sh",
				"${PODS_XCFRAMEWORKS_BUILD_DIR}/hermes-engine/Pre-built/hermes.framework/hermes",
			);
			name = "[CP] Embed Pods Frameworks";
			outputPaths = (
				"${TARGET_BUILD_DIR}/${FRAMEWORKS_FOLDER_PATH}/hermes.framework",
			);
			runOnlyForDeploymentPostprocessing = 0;
			shellPath = /bin/sh;
			shellScript = "\"${PODS_ROOT}/Target Support Files/Pods-myClip/Pods-myClip-frameworks.sh\"\n";
			showEnvVarsInLog = 0;
		};
		59D2A3EFB45795D864F09F15 /* [CP] Copy Pods Resources */ = {
			isa = PBXShellScriptBuildPhase;
			buildActionMask = 2147483647;
			files = (
			);
			inputPaths = (
				"${PODS_ROOT}/Target Support Files/Pods-my/Pods-my-resources.sh",
				"${PODS_CONFIGURATION_BUILD_DIR}/React-Core/AccessibilityResources.bundle",
				"${PODS_ROOT}/Sentry/Sources/Resources/PrivacyInfo.xcprivacy",
			);
			name = "[CP] Copy Pods Resources";
			outputPaths = (
				"${TARGET_BUILD_DIR}/${UNLOCALIZED_RESOURCES_FOLDER_PATH}/AccessibilityResources.bundle",
				"${TARGET_BUILD_DIR}/${UNLOCALIZED_RESOURCES_FOLDER_PATH}/PrivacyInfo.xcprivacy",
			);
			runOnlyForDeploymentPostprocessing = 0;
			shellPath = /bin/sh;
			shellScript = "\"${PODS_ROOT}/Target Support Files/Pods-my/Pods-my-resources.sh\"\n";
			showEnvVarsInLog = 0;
		};
		5B98AA9A50E2D5516BC5F8FF /* [CP] Check Pods Manifest.lock */ = {
			isa = PBXShellScriptBuildPhase;
			buildActionMask = 2147483647;
			files = (
			);
			inputFileListPaths = (
			);
			inputPaths = (
				"${PODS_PODFILE_DIR_PATH}/Podfile.lock",
				"${PODS_ROOT}/Manifest.lock",
			);
			name = "[CP] Check Pods Manifest.lock";
			outputFileListPaths = (
			);
			outputPaths = (
				"$(DERIVED_FILE_DIR)/Pods-myClip-checkManifestLockResult.txt",
			);
			runOnlyForDeploymentPostprocessing = 0;
			shellPath = /bin/sh;
			shellScript = "diff \"${PODS_PODFILE_DIR_PATH}/Podfile.lock\" \"${PODS_ROOT}/Manifest.lock\" > /dev/null\nif [ $? != 0 ] ; then\n    # print error to STDERR\n    echo \"error: The sandbox is not in sync with the Podfile.lock. Run 'pod install' or update your CocoaPods installation.\" >&2\n    exit 1\nfi\n# This output is used by Xcode 'outputs' to avoid re-running this script phase.\necho \"SUCCESS\" > \"${SCRIPT_OUTPUT_FILE_0}\"\n";
			showEnvVarsInLog = 0;
		};
		8C5F27298C2A47D78EECD38C /* Bundle React Native code and images */ = {
			isa = PBXShellScriptBuildPhase;
			buildActionMask = 2147483647;
			files = (
			);
			inputPaths = (
			);
			name = "Bundle React Native code and images";
			outputPaths = (
			);
			runOnlyForDeploymentPostprocessing = 0;
			shellPath = /bin/sh;
			shellScript = "if [[ -f \"$PODS_ROOT/../.xcode.env\" ]]; then\n  source \"$PODS_ROOT/../.xcode.env\"\nfi\nif [[ -f \"$PODS_ROOT/../.xcode.env.local\" ]]; then\n  source \"$PODS_ROOT/../.xcode.env.local\"\nfi\n\n# The project root by default is one level up from the ios directory\nexport PROJECT_ROOT=\"$PROJECT_DIR\"/..\n\nif [[ \"$CONFIGURATION\" = *Debug* ]]; then\n  export SKIP_BUNDLING=1\nfi\nif [[ -z \"$ENTRY_FILE\" ]]; then\n  # Set the entry JS file using the bundler's entry resolution.\n export ENTRY_FILE=\"$PROJECT_ROOT\"/index.appclip.js\nfi\n\n`\"$NODE_BINARY\" --print \"require('path').dirname(require.resolve('react-native/package.json')) + '/scripts/react-native-xcode.sh index.appclip.js'\"`\n\n";
		};
		A5AC9D3EF85524F3FBFCDABA /* [CP] Embed Pods Frameworks */ = {
			isa = PBXShellScriptBuildPhase;
			buildActionMask = 2147483647;
			files = (
			);
			inputPaths = (
				"${PODS_ROOT}/Target Support Files/Pods-my/Pods-my-frameworks.sh",
				"${PODS_XCFRAMEWORKS_BUILD_DIR}/hermes-engine/Pre-built/hermes.framework/hermes",
			);
			name = "[CP] Embed Pods Frameworks";
			outputPaths = (
				"${TARGET_BUILD_DIR}/${FRAMEWORKS_FOLDER_PATH}/hermes.framework",
			);
			runOnlyForDeploymentPostprocessing = 0;
			shellPath = /bin/sh;
			shellScript = "\"${PODS_ROOT}/Target Support Files/Pods-my/Pods-my-frameworks.sh\"\n";
			showEnvVarsInLog = 0;
		};
		E39C388CCF5F23A08F8ECCDE /* [CP] Copy Pods Resources */ = {
			isa = PBXShellScriptBuildPhase;
			buildActionMask = 2147483647;
			files = (
			);
			inputPaths = (
				"${PODS_ROOT}/Target Support Files/Pods-myClip/Pods-myClip-resources.sh",
				"${PODS_CONFIGURATION_BUILD_DIR}/React-Core/AccessibilityResources.bundle",
				"${PODS_ROOT}/Sentry/Sources/Resources/PrivacyInfo.xcprivacy",
			);
			name = "[CP] Copy Pods Resources";
			outputPaths = (
				"${TARGET_BUILD_DIR}/${UNLOCALIZED_RESOURCES_FOLDER_PATH}/AccessibilityResources.bundle",
				"${TARGET_BUILD_DIR}/${UNLOCALIZED_RESOURCES_FOLDER_PATH}/PrivacyInfo.xcprivacy",
			);
			runOnlyForDeploymentPostprocessing = 0;
			shellPath = /bin/sh;
			shellScript = "\"${PODS_ROOT}/Target Support Files/Pods-myClip/Pods-myClip-resources.sh\"\n";
			showEnvVarsInLog = 0;
		};
		FD10A7F022414F080027D42C /* Start Packager */ = {
			isa = PBXShellScriptBuildPhase;
			buildActionMask = 2147483647;
			files = (
			);
			inputFileListPaths = (
			);
			inputPaths = (
			);
			name = "Start Packager";
			outputFileListPaths = (
			);
			outputPaths = (
			);
			runOnlyForDeploymentPostprocessing = 0;
			shellPath = /bin/sh;
			shellScript = "if [[ -f \"$PODS_ROOT/../.xcode.env\" ]]; then\n  source \"$PODS_ROOT/../.xcode.env\"\nfi\nif [[ -f \"$PODS_ROOT/../.xcode.env.local\" ]]; then\n  source \"$PODS_ROOT/../.xcode.env.local\"\nfi\n\nexport RCT_METRO_PORT=\"${RCT_METRO_PORT:=8081}\"\necho \"export RCT_METRO_PORT=${RCT_METRO_PORT}\" > `$NODE_BINARY --print \"require('path').dirname(require.resolve('react-native/package.json')) + '/scripts/.packager.env'\"`\nif [ -z \"${RCT_NO_LAUNCH_PACKAGER+xxx}\" ] ; then\n  if nc -w 5 -z localhost ${RCT_METRO_PORT} ; then\n    if ! curl -s \"http://localhost:${RCT_METRO_PORT}/status\" | grep -q \"packager-status:running\" ; then\n      echo \"Port ${RCT_METRO_PORT} already in use, packager is either not running or not running correctly\"\n      exit 2\n    fi\n  else\n    open `$NODE_BINARY --print \"require('path').dirname(require.resolve('react-native/package.json')) + '/scripts/launchPackager.command'\"` || echo \"Can't start packager automatically\"\n  fi\nfi\n";
			showEnvVarsInLog = 0;
		};
/* End PBXShellScriptBuildPhase section */

/* Begin PBXSourcesBuildPhase section */
		13B07F871A680F5B00A75B9A /* Sources */ = {
			isa = PBXSourcesBuildPhase;
			buildActionMask = 2147483647;
			files = (
				5605585A2AD4A56700ACA193 /* BarcodeDetection.m in Sources */,
				5605585B2AD4A56700ACA193 /* BarcodeDetection.swift in Sources */,
				560558582AD4A53700ACA193 /* DocumentDetection.m in Sources */,
				560558592AD4A53700ACA193 /* DocumentDetection.swift in Sources */,
				13B07FBC1A68108700A75B9A /* AppDelegate.mm in Sources */,
				13B07FC11A68108700A75B9A /* main.m in Sources */,
				5673E5C82A9E6F3C009ED260 /* DeviceAttestation.swift in Sources */,
				5673E5CB2A9E6F5A009ED260 /* DeviceAttestationBridge.m in Sources */,
				5673E5B32A9E1477009ED260 /* Attestation.swift in Sources */,
				5B02D5BA96E4428ABC097AB8 /* noop-file.swift in Sources */,
				5673E5B92A9E14A9009ED260 /* Keychain.swift in Sources */,
				D0303F0D1EA740CCA15BC2EA /* FaceDetection.m in Sources */,
				0C4CBDE860C54EBAA075E8C0 /* FaceDetection.swift in Sources */,
			);
			runOnlyForDeploymentPostprocessing = 0;
		};
		A01825E1217B4426A0498B14 /* Sources */ = {
			isa = PBXSourcesBuildPhase;
			buildActionMask = 2147483647;
			files = (
				565E890C2AC76BB000EB3CEE /* DocumentDetection.m in Sources */,
				565E890D2AC76BB000EB3CEE /* DocumentDetection.swift in Sources */,
				565E890E2AC76BB000EB3CEE /* BarcodeDetection.m in Sources */,
				565E890F2AC76BB000EB3CEE /* BarcodeDetection.swift in Sources */,
				565E89102AC76BB000EB3CEE /* FaceDetection.m in Sources */,
				565E89112AC76BB000EB3CEE /* FaceDetection.swift in Sources */,
				27CCBF5E8F304ED1BA117BF6 /* AppDelegate.mm in Sources */,
				466FB29480ED45F29313B597 /* main.m in Sources */,
				5673E5C92A9E6F3C009ED260 /* DeviceAttestation.swift in Sources */,
				5673E5CC2A9E6F5A009ED260 /* DeviceAttestationBridge.m in Sources */,
				5673E5B42A9E1477009ED260 /* Attestation.swift in Sources */,
				5666E5B62A437AD8005BA1BD /* noop-file.swift in Sources */,
				5673E5BA2A9E14A9009ED260 /* Keychain.swift in Sources */,
			);
			runOnlyForDeploymentPostprocessing = 0;
		};
/* End PBXSourcesBuildPhase section */

/* Begin PBXTargetDependency section */
		0CCAA13CEEC34D948AB3B4E2 /* PBXTargetDependency */ = {
			isa = PBXTargetDependency;
			target = C2026E83BD7E47F4AAE20FB9 /* myClip */;
			targetProxy = 4C809716A8BF405390847DF6 /* PBXContainerItemProxy */;
		};
/* End PBXTargetDependency section */

/* Begin XCBuildConfiguration section */
		13B07F941A680F5B00A75B9A /* Debug */ = {
			isa = XCBuildConfiguration;
			baseConfigurationReference = 18F8E91FC838F023DF3BA3E9 /* Pods-my.debug.xcconfig */;
			buildSettings = {
				ASSETCATALOG_COMPILER_APPICON_NAME = AppIcon;
				CLANG_ENABLE_MODULES = YES;
				CODE_SIGN_ENTITLEMENTS = my/myDebug.entitlements;
				CODE_SIGN_IDENTITY = "Apple Development";
				CODE_SIGN_STYLE = Automatic;
				CURRENT_PROJECT_VERSION = 1;
				DEVELOPMENT_TEAM = 5F264K8AG4;
				ENABLE_BITCODE = NO;
				GCC_PREPROCESSOR_DEFINITIONS = (
					"$(inherited)",
					"FB_SONARKIT_ENABLED=1",
				);
				INFOPLIST_FILE = my/Info.plist;
				INFOPLIST_KEY_CFBundleDisplayName = Footprint;
				IPHONEOS_DEPLOYMENT_TARGET = 16.0;
				LD_RUNPATH_SEARCH_PATHS = "$(inherited) @executable_path/Frameworks";
				MARKETING_VERSION = 1.0;
				OTHER_LDFLAGS = (
					"$(inherited)",
					"-ObjC",
					"-lc++",
				);
				OTHER_SWIFT_FLAGS = "$(inherited) -D EXPO_CONFIGURATION_DEBUG";
				PRODUCT_BUNDLE_IDENTIFIER = com.onefootprint.my;
				PRODUCT_NAME = my;
				PROVISIONING_PROFILE_SPECIFIER = "";
				SUPPORTED_PLATFORMS = "iphoneos iphonesimulator";
				SUPPORTS_MACCATALYST = NO;
				SUPPORTS_MAC_DESIGNED_FOR_IPHONE_IPAD = NO;
				SUPPORTS_XR_DESIGNED_FOR_IPHONE_IPAD = NO;
				SWIFT_OBJC_BRIDGING_HEADER = "$(SRCROOT)/Modules/Bridging-Header.h";
				SWIFT_OPTIMIZATION_LEVEL = "-Onone";
				SWIFT_VERSION = 5.0;
				TARGETED_DEVICE_FAMILY = 1;
				VERSIONING_SYSTEM = "apple-generic";
			};
			name = Debug;
		};
		13B07F951A680F5B00A75B9A /* Release */ = {
			isa = XCBuildConfiguration;
			baseConfigurationReference = 60048BA0ED66A18ABC431DA5 /* Pods-my.release.xcconfig */;
			buildSettings = {
				ASSETCATALOG_COMPILER_APPICON_NAME = AppIcon;
				CLANG_ENABLE_MODULES = YES;
				CODE_SIGN_ENTITLEMENTS = my/my.entitlements;
				CODE_SIGN_IDENTITY = "Apple Development";
				CODE_SIGN_STYLE = Automatic;
				CURRENT_PROJECT_VERSION = 1;
				DEVELOPMENT_TEAM = 5F264K8AG4;
				INFOPLIST_FILE = my/Info.plist;
				INFOPLIST_KEY_CFBundleDisplayName = Footprint;
				IPHONEOS_DEPLOYMENT_TARGET = 16.0;
				LD_RUNPATH_SEARCH_PATHS = "$(inherited) @executable_path/Frameworks";
				MARKETING_VERSION = 1.0;
				OTHER_LDFLAGS = (
					"$(inherited)",
					"-ObjC",
					"-lc++",
				);
				OTHER_SWIFT_FLAGS = "$(inherited) -D EXPO_CONFIGURATION_RELEASE";
				PRODUCT_BUNDLE_IDENTIFIER = com.onefootprint.my;
				PRODUCT_NAME = my;
				PROVISIONING_PROFILE_SPECIFIER = "";
				SUPPORTED_PLATFORMS = "iphoneos iphonesimulator";
				SUPPORTS_MACCATALYST = NO;
				SUPPORTS_MAC_DESIGNED_FOR_IPHONE_IPAD = NO;
				SUPPORTS_XR_DESIGNED_FOR_IPHONE_IPAD = NO;
				SWIFT_OBJC_BRIDGING_HEADER = "$(SRCROOT)/Modules/Bridging-Header.h";
				SWIFT_VERSION = 5.0;
				TARGETED_DEVICE_FAMILY = 1;
				VERSIONING_SYSTEM = "apple-generic";
			};
			name = Release;
		};
		3BB92FC518D343E2A28A0EBA /* Release */ = {
			isa = XCBuildConfiguration;
			baseConfigurationReference = EC18AF38B16C39D15D387B5B /* Pods-myClip.release.xcconfig */;
			buildSettings = {
				ASSETCATALOG_COMPILER_APPICON_NAME = AppIcon;
				CLANG_ENABLE_MODULES = YES;
				CODE_SIGN_ENTITLEMENTS = myClip/myClip.entitlements;
				CODE_SIGN_IDENTITY = "Apple Development";
				CODE_SIGN_STYLE = Automatic;
				CURRENT_PROJECT_VERSION = 1;
				DEVELOPMENT_TEAM = 5F264K8AG4;
				INFOPLIST_FILE = myClip/Info.plist;
				INFOPLIST_KEY_CFBundleDisplayName = Footprint;
				IPHONEOS_DEPLOYMENT_TARGET = 16.0;
				OTHER_SWIFT_FLAGS = "$(inherited) -D EXPO_CONFIGURATION_RELEASE";
				PRODUCT_BUNDLE_IDENTIFIER = com.onefootprint.my.Clip;
				PRODUCT_NAME = "My App Clip";
				PROVISIONING_PROFILE_SPECIFIER = "";
				SUPPORTED_PLATFORMS = "iphoneos iphonesimulator";
				SUPPORTS_MACCATALYST = NO;
				SUPPORTS_MAC_DESIGNED_FOR_IPHONE_IPAD = NO;
				SWIFT_VERSION = 5.0;
				TARGETED_DEVICE_FAMILY = 1;
				VERSIONING_SYSTEM = "apple-generic";
			};
			name = Release;
		};
		77D4E7FE25F745C3A1A11834 /* Debug */ = {
			isa = XCBuildConfiguration;
			baseConfigurationReference = BBCF811CBD642208786043ED /* Pods-myClip.debug.xcconfig */;
			buildSettings = {
				ASSETCATALOG_COMPILER_APPICON_NAME = AppIcon;
				CLANG_ENABLE_MODULES = YES;
				CODE_SIGN_ENTITLEMENTS = myClip/myClipDebug.entitlements;
				CODE_SIGN_IDENTITY = "Apple Development";
				CODE_SIGN_STYLE = Automatic;
				CURRENT_PROJECT_VERSION = 1;
				DEVELOPMENT_TEAM = 5F264K8AG4;
				INFOPLIST_FILE = myClip/Info.plist;
				INFOPLIST_KEY_CFBundleDisplayName = Footprint;
				IPHONEOS_DEPLOYMENT_TARGET = 16.0;
				OTHER_SWIFT_FLAGS = "$(inherited) -D EXPO_CONFIGURATION_DEBUG";
				PRODUCT_BUNDLE_IDENTIFIER = com.onefootprint.my.Clip;
				PRODUCT_NAME = "My App Clip";
				PROVISIONING_PROFILE_SPECIFIER = "";
				SUPPORTED_PLATFORMS = "iphoneos iphonesimulator";
				SUPPORTS_MACCATALYST = NO;
				SUPPORTS_MAC_DESIGNED_FOR_IPHONE_IPAD = NO;
				SWIFT_VERSION = 5.0;
				TARGETED_DEVICE_FAMILY = 1;
				VERSIONING_SYSTEM = "apple-generic";
			};
			name = Debug;
		};
		83CBBA201A601CBA00E9B192 /* Debug */ = {
			isa = XCBuildConfiguration;
			buildSettings = {
				ALWAYS_SEARCH_USER_PATHS = NO;
				CLANG_ANALYZER_LOCALIZABILITY_NONLOCALIZED = YES;
				CLANG_CXX_LANGUAGE_STANDARD = "c++17";
				CLANG_CXX_LIBRARY = "libc++";
				CLANG_ENABLE_MODULES = YES;
				CLANG_ENABLE_OBJC_ARC = YES;
				CLANG_WARN_BLOCK_CAPTURE_AUTORELEASING = YES;
				CLANG_WARN_BOOL_CONVERSION = YES;
				CLANG_WARN_COMMA = YES;
				CLANG_WARN_CONSTANT_CONVERSION = YES;
				CLANG_WARN_DEPRECATED_OBJC_IMPLEMENTATIONS = YES;
				CLANG_WARN_DIRECT_OBJC_ISA_USAGE = YES_ERROR;
				CLANG_WARN_EMPTY_BODY = YES;
				CLANG_WARN_ENUM_CONVERSION = YES;
				CLANG_WARN_INFINITE_RECURSION = YES;
				CLANG_WARN_INT_CONVERSION = YES;
				CLANG_WARN_NON_LITERAL_NULL_CONVERSION = YES;
				CLANG_WARN_OBJC_IMPLICIT_RETAIN_SELF = YES;
				CLANG_WARN_OBJC_LITERAL_CONVERSION = YES;
				CLANG_WARN_OBJC_ROOT_CLASS = YES_ERROR;
				CLANG_WARN_RANGE_LOOP_ANALYSIS = YES;
				CLANG_WARN_STRICT_PROTOTYPES = YES;
				CLANG_WARN_SUSPICIOUS_MOVE = YES;
				CLANG_WARN_UNREACHABLE_CODE = YES;
				CLANG_WARN__DUPLICATE_METHOD_MATCH = YES;
				"CODE_SIGN_IDENTITY[sdk=iphoneos*]" = "iPhone Developer";
				COPY_PHASE_STRIP = NO;
				ENABLE_STRICT_OBJC_MSGSEND = YES;
				ENABLE_TESTABILITY = YES;
				"EXCLUDED_ARCHS[sdk=iphonesimulator*]" = i386;
				GCC_C_LANGUAGE_STANDARD = gnu99;
				GCC_DYNAMIC_NO_PIC = NO;
				GCC_NO_COMMON_BLOCKS = YES;
				GCC_OPTIMIZATION_LEVEL = 0;
				GCC_PREPROCESSOR_DEFINITIONS = (
					"DEBUG=1",
					"$(inherited)",
					_LIBCPP_ENABLE_CXX17_REMOVED_UNARY_BINARY_FUNCTION,
				);
				GCC_SYMBOLS_PRIVATE_EXTERN = NO;
				GCC_WARN_64_TO_32_BIT_CONVERSION = YES;
				GCC_WARN_ABOUT_RETURN_TYPE = YES_ERROR;
				GCC_WARN_UNDECLARED_SELECTOR = YES;
				GCC_WARN_UNINITIALIZED_AUTOS = YES_AGGRESSIVE;
				GCC_WARN_UNUSED_FUNCTION = YES;
				GCC_WARN_UNUSED_VARIABLE = YES;
				IPHONEOS_DEPLOYMENT_TARGET = 13.0;
				LD_RUNPATH_SEARCH_PATHS = "/usr/lib/swift $(inherited)";
				LIBRARY_SEARCH_PATHS = "$(SDKROOT)/usr/lib/swift\"$(inherited)\"";
				MTL_ENABLE_DEBUG_INFO = YES;
				ONLY_ACTIVE_ARCH = YES;
				OTHER_CFLAGS = "$(inherited)";
				OTHER_CPLUSPLUSFLAGS = "$(inherited)";
				OTHER_LDFLAGS = "$(inherited)";
				REACT_NATIVE_PATH = "${PODS_ROOT}/../../../../node_modules/react-native";
				SDKROOT = iphoneos;
				USE_HERMES = true;
			};
			name = Debug;
		};
		83CBBA211A601CBA00E9B192 /* Release */ = {
			isa = XCBuildConfiguration;
			buildSettings = {
				ALWAYS_SEARCH_USER_PATHS = NO;
				CLANG_ANALYZER_LOCALIZABILITY_NONLOCALIZED = YES;
				CLANG_CXX_LANGUAGE_STANDARD = "c++17";
				CLANG_CXX_LIBRARY = "libc++";
				CLANG_ENABLE_MODULES = YES;
				CLANG_ENABLE_OBJC_ARC = YES;
				CLANG_WARN_BLOCK_CAPTURE_AUTORELEASING = YES;
				CLANG_WARN_BOOL_CONVERSION = YES;
				CLANG_WARN_COMMA = YES;
				CLANG_WARN_CONSTANT_CONVERSION = YES;
				CLANG_WARN_DEPRECATED_OBJC_IMPLEMENTATIONS = YES;
				CLANG_WARN_DIRECT_OBJC_ISA_USAGE = YES_ERROR;
				CLANG_WARN_EMPTY_BODY = YES;
				CLANG_WARN_ENUM_CONVERSION = YES;
				CLANG_WARN_INFINITE_RECURSION = YES;
				CLANG_WARN_INT_CONVERSION = YES;
				CLANG_WARN_NON_LITERAL_NULL_CONVERSION = YES;
				CLANG_WARN_OBJC_IMPLICIT_RETAIN_SELF = YES;
				CLANG_WARN_OBJC_LITERAL_CONVERSION = YES;
				CLANG_WARN_OBJC_ROOT_CLASS = YES_ERROR;
				CLANG_WARN_RANGE_LOOP_ANALYSIS = YES;
				CLANG_WARN_STRICT_PROTOTYPES = YES;
				CLANG_WARN_SUSPICIOUS_MOVE = YES;
				CLANG_WARN_UNREACHABLE_CODE = YES;
				CLANG_WARN__DUPLICATE_METHOD_MATCH = YES;
				"CODE_SIGN_IDENTITY[sdk=iphoneos*]" = "iPhone Developer";
				COPY_PHASE_STRIP = YES;
				ENABLE_NS_ASSERTIONS = NO;
				ENABLE_STRICT_OBJC_MSGSEND = YES;
				"EXCLUDED_ARCHS[sdk=iphonesimulator*]" = i386;
				GCC_C_LANGUAGE_STANDARD = gnu99;
				GCC_NO_COMMON_BLOCKS = YES;
				GCC_PREPROCESSOR_DEFINITIONS = (
					"$(inherited)",
					_LIBCPP_ENABLE_CXX17_REMOVED_UNARY_BINARY_FUNCTION,
				);
				GCC_WARN_64_TO_32_BIT_CONVERSION = YES;
				GCC_WARN_ABOUT_RETURN_TYPE = YES_ERROR;
				GCC_WARN_UNDECLARED_SELECTOR = YES;
				GCC_WARN_UNINITIALIZED_AUTOS = YES_AGGRESSIVE;
				GCC_WARN_UNUSED_FUNCTION = YES;
				GCC_WARN_UNUSED_VARIABLE = YES;
				IPHONEOS_DEPLOYMENT_TARGET = 13.0;
				LD_RUNPATH_SEARCH_PATHS = "/usr/lib/swift $(inherited)";
				LIBRARY_SEARCH_PATHS = "$(SDKROOT)/usr/lib/swift\"$(inherited)\"";
				MTL_ENABLE_DEBUG_INFO = NO;
				OTHER_CFLAGS = "$(inherited)";
				OTHER_CPLUSPLUSFLAGS = "$(inherited)";
				OTHER_LDFLAGS = "$(inherited)";
				REACT_NATIVE_PATH = "${PODS_ROOT}/../../../../node_modules/react-native";
				SDKROOT = iphoneos;
				USE_HERMES = true;
				VALIDATE_PRODUCT = YES;
			};
			name = Release;
		};
/* End XCBuildConfiguration section */

/* Begin XCConfigurationList section */
		13B07F931A680F5B00A75B9A /* Build configuration list for PBXNativeTarget "my" */ = {
			isa = XCConfigurationList;
			buildConfigurations = (
				13B07F941A680F5B00A75B9A /* Debug */,
				13B07F951A680F5B00A75B9A /* Release */,
			);
			defaultConfigurationIsVisible = 0;
			defaultConfigurationName = Release;
		};
		83CBB9FA1A601CBA00E9B192 /* Build configuration list for PBXProject "my" */ = {
			isa = XCConfigurationList;
			buildConfigurations = (
				83CBBA201A601CBA00E9B192 /* Debug */,
				83CBBA211A601CBA00E9B192 /* Release */,
			);
			defaultConfigurationIsVisible = 0;
			defaultConfigurationName = Release;
		};
		FD57304F53C24DD88C5E4C40 /* Build configuration list for PBXNativeTarget "myClip" */ = {
			isa = XCConfigurationList;
			buildConfigurations = (
				77D4E7FE25F745C3A1A11834 /* Debug */,
				3BB92FC518D343E2A28A0EBA /* Release */,
			);
			defaultConfigurationIsVisible = 0;
			defaultConfigurationName = Release;
		};
/* End XCConfigurationList section */
	};
	rootObject = 83CBB9F71A601CBA00E9B192 /* Project object */;
}
