{
  "originHash" : "f31c14d88e83e9c92854641168abe98025f75b93fdb22127a3ed67230959e036",
  "pins" : [
    {
      "identity" : "fingerprintjs-pro-ios",
      "kind" : "remoteSourceControl",
      "location" : "https://github.com/fingerprintjs/fingerprintjs-pro-ios",
      "state" : {
        "revision" : "96b9db53b186004f7b9b9584d3a9ffdc44b7fbb6",
        "version" : "2.10.0"
      }
    },
    {
      "identity" : "moneykit-ios",
      "kind" : "remoteSourceControl",
      "location" : "https://github.com/moneykit/moneykit-ios",
      "state" : {
        "branch" : "release/1.10.3",
        "revision" : "8a5113c15177ba7a5a356ec074c5a4686c205087"
      }
    },
    {
      "identity" : "plaid-link-ios",
      "kind" : "remoteSourceControl",
      "location" : "https://github.com/plaid/plaid-link-ios",
      "state" : {
        "revision" : "24a692f9dba3a933cd1703d328e4f3cf174663ea",
        "version" : "6.4.2"
      }
    }
  ],
  "version" : 3
}
