{
  "originHash" : "046e49cd63b46719e360254cdfaa569797b7ac7ccee6728c14886ad01392a608",
  "pins" : [
    {
      "identity" : "fingerprintjs-pro-ios",
      "kind" : "remoteSourceControl",
      "location" : "https://github.com/fingerprintjs/fingerprintjs-pro-ios",
      "state" : {
        "revision" : "96b9db53b186004f7b9b9584d3a9ffdc44b7fbb6",
        "version" : "2.10.0"
      }
    },
    {
      "identity" : "moneykit-ios",
      "kind" : "remoteSourceControl",
      "location" : "https://github.com/moneykit/moneykit-ios",
      "state" : {
        "revision" : "112fb07f1296605e1dfc91d7bdc5af76786520f0",
        "version" : "1.11.2"
      }
    },
    {
      "identity" : "plaid-link-ios",
      "kind" : "remoteSourceControl",
      "location" : "https://github.com/plaid/plaid-link-ios",
      "state" : {
        "revision" : "24a692f9dba3a933cd1703d328e4f3cf174663ea",
        "version" : "6.4.2"
      }
    }
  ],
  "version" : 3
}
