// !$*UTF8*$!
{
	archiveVersion = 1;
	classes = {
	};
	objectVersion = 60;
	objects = {

/* Begin PBXBuildFile section */
		565B65452B1E06EB0072925A /* demo_swiftApp.swift in Sources */ = {isa = PBXBuildFile; fileRef = 565B65442B1E06EB0072925A /* demo_swiftApp.swift */; };
		565B65472B1E06EB0072925A /* ContentView.swift in Sources */ = {isa = PBXBuildFile; fileRef = 565B65462B1E06EB0072925A /* ContentView.swift */; };
		565B65492B1E06EC0072925A /* Assets.xcassets in Resources */ = {isa = PBXBuildFile; fileRef = 565B65482B1E06EC0072925A /* Assets.xcassets */; };
		565B654C2B1E06EC0072925A /* Preview Assets.xcassets in Resources */ = {isa = PBXBuildFile; fileRef = 565B654B2B1E06EC0072925A /* Preview Assets.xcassets */; };
		565B65542B1E06FB0072925A /* FootprintSwift in Frameworks */ = {isa = PBXBuildFile; productRef = 565B65532B1E06FB0072925A /* FootprintSwift */; };
		7C489DCB2C94B5C800339321 /* OnboardingComponentsInitialView.swift in Sources */ = {isa = PBXBuildFile; fileRef = 7C489DCA2C94B5C800339321 /* OnboardingComponentsInitialView.swift */; };
		7C489DCE2C94BB2400339321 /* Inject in Frameworks */ = {isa = PBXBuildFile; productRef = 7C489DCD2C94BB2400339321 /* Inject */; };
		7C489DD12C94CD5F00339321 /* CustomDump in Frameworks */ = {isa = PBXBuildFile; productRef = 7C489DD02C94CD5F00339321 /* CustomDump */; };
/* End PBXBuildFile section */

/* Begin PBXFileReference section */
		565B65412B1E06EB0072925A /* demo-swift.app */ = {isa = PBXFileReference; explicitFileType = wrapper.application; includeInIndex = 0; path = "demo-swift.app"; sourceTree = BUILT_PRODUCTS_DIR; };
		565B65442B1E06EB0072925A /* demo_swiftApp.swift */ = {isa = PBXFileReference; lastKnownFileType = sourcecode.swift; path = demo_swiftApp.swift; sourceTree = "<group>"; };
		565B65462B1E06EB0072925A /* ContentView.swift */ = {isa = PBXFileReference; lastKnownFileType = sourcecode.swift; path = ContentView.swift; sourceTree = "<group>"; };
		565B65482B1E06EC0072925A /* Assets.xcassets */ = {isa = PBXFileReference; lastKnownFileType = folder.assetcatalog; path = Assets.xcassets; sourceTree = "<group>"; };
		565B654B2B1E06EC0072925A /* Preview Assets.xcassets */ = {isa = PBXFileReference; lastKnownFileType = folder.assetcatalog; path = "Preview Assets.xcassets"; sourceTree = "<group>"; };
		7C489DCA2C94B5C800339321 /* OnboardingComponentsInitialView.swift */ = {isa = PBXFileReference; lastKnownFileType = sourcecode.swift; path = OnboardingComponentsInitialView.swift; sourceTree = "<group>"; };
		ECAD71DB2B79C0E00077AC52 /* demo-swiftRelease.entitlements */ = {isa = PBXFileReference; lastKnownFileType = text.plist.entitlements; path = "demo-swiftRelease.entitlements"; sourceTree = "<group>"; };
		ECAD71DC2B79C0F20077AC52 /* Info.plist */ = {isa = PBXFileReference; lastKnownFileType = text.plist; path = Info.plist; sourceTree = "<group>"; };
		ECAD71DD2B79C1160077AC52 /* demo-swiftDebug.entitlements */ = {isa = PBXFileReference; lastKnownFileType = text.plist.entitlements; path = "demo-swiftDebug.entitlements"; sourceTree = "<group>"; };
/* End PBXFileReference section */

/* Begin PBXFrameworksBuildPhase section */
		565B653E2B1E06EB0072925A /* Frameworks */ = {
			isa = PBXFrameworksBuildPhase;
			buildActionMask = 2147483647;
			files = (
				565B65542B1E06FB0072925A /* FootprintSwift in Frameworks */,
				7C489DD12C94CD5F00339321 /* CustomDump in Frameworks */,
				7C489DCE2C94BB2400339321 /* Inject in Frameworks */,
			);
			runOnlyForDeploymentPostprocessing = 0;
		};
/* End PBXFrameworksBuildPhase section */

/* Begin PBXGroup section */
		565B65382B1E06EB0072925A = {
			isa = PBXGroup;
			children = (
				565B65432B1E06EB0072925A /* demo-swift */,
				565B65422B1E06EB0072925A /* Products */,
			);
			sourceTree = "<group>";
		};
		565B65422B1E06EB0072925A /* Products */ = {
			isa = PBXGroup;
			children = (
				565B65412B1E06EB0072925A /* demo-swift.app */,
			);
			name = Products;
			sourceTree = "<group>";
		};
		565B65432B1E06EB0072925A /* demo-swift */ = {
			isa = PBXGroup;
			children = (
				ECAD71DD2B79C1160077AC52 /* demo-swiftDebug.entitlements */,
				ECAD71DC2B79C0F20077AC52 /* Info.plist */,
				ECAD71DB2B79C0E00077AC52 /* demo-swiftRelease.entitlements */,
				565B65442B1E06EB0072925A /* demo_swiftApp.swift */,
				565B65462B1E06EB0072925A /* ContentView.swift */,
				565B65482B1E06EC0072925A /* Assets.xcassets */,
				565B654A2B1E06EC0072925A /* Preview Content */,
				7C489DCA2C94B5C800339321 /* OnboardingComponentsInitialView.swift */,
			);
			path = "demo-swift";
			sourceTree = "<group>";
		};
		565B654A2B1E06EC0072925A /* Preview Content */ = {
			isa = PBXGroup;
			children = (
				565B654B2B1E06EC0072925A /* Preview Assets.xcassets */,
			);
			path = "Preview Content";
			sourceTree = "<group>";
		};
/* End PBXGroup section */

/* Begin PBXNativeTarget section */
		565B65402B1E06EB0072925A /* demo-swift */ = {
			isa = PBXNativeTarget;
			buildConfigurationList = 565B654F2B1E06EC0072925A /* Build configuration list for PBXNativeTarget "demo-swift" */;
			buildPhases = (
				565B653D2B1E06EB0072925A /* Sources */,
				565B653E2B1E06EB0072925A /* Frameworks */,
				565B653F2B1E06EB0072925A /* Resources */,
			);
			buildRules = (
			);
			dependencies = (
			);
			name = "demo-swift";
			packageProductDependencies = (
				565B65532B1E06FB0072925A /* FootprintSwift */,
				7C489DCD2C94BB2400339321 /* Inject */,
				7C489DD02C94CD5F00339321 /* CustomDump */,
			);
			productName = "demo-swift";
			productReference = 565B65412B1E06EB0072925A /* demo-swift.app */;
			productType = "com.apple.product-type.application";
		};
/* End PBXNativeTarget section */

/* Begin PBXProject section */
		565B65392B1E06EB0072925A /* Project object */ = {
			isa = PBXProject;
			attributes = {
				BuildIndependentTargetsInParallel = 1;
				LastSwiftUpdateCheck = 1500;
				LastUpgradeCheck = 1500;
				TargetAttributes = {
					565B65402B1E06EB0072925A = {
						CreatedOnToolsVersion = 15.0.1;
					};
				};
			};
			buildConfigurationList = 565B653C2B1E06EB0072925A /* Build configuration list for PBXProject "demo-swift" */;
			compatibilityVersion = "Xcode 14.0";
			developmentRegion = en;
			hasScannedForEncodings = 0;
			knownRegions = (
				en,
				Base,
			);
			mainGroup = 565B65382B1E06EB0072925A;
			packageReferences = (
				565B65522B1E06FB0072925A /* XCLocalSwiftPackageReference "../../packages/footprint-swift" */,
				7C489DCC2C94BB2400339321 /* XCRemoteSwiftPackageReference "Inject" */,
				7C489DCF2C94CD5F00339321 /* XCRemoteSwiftPackageReference "swift-custom-dump" */,
			);
			productRefGroup = 565B65422B1E06EB0072925A /* Products */;
			projectDirPath = "";
			projectRoot = "";
			targets = (
				565B65402B1E06EB0072925A /* demo-swift */,
			);
		};
/* End PBXProject section */

/* Begin PBXResourcesBuildPhase section */
		565B653F2B1E06EB0072925A /* Resources */ = {
			isa = PBXResourcesBuildPhase;
			buildActionMask = 2147483647;
			files = (
				565B654C2B1E06EC0072925A /* Preview Assets.xcassets in Resources */,
				565B65492B1E06EC0072925A /* Assets.xcassets in Resources */,
			);
			runOnlyForDeploymentPostprocessing = 0;
		};
/* End PBXResourcesBuildPhase section */

/* Begin PBXSourcesBuildPhase section */
		565B653D2B1E06EB0072925A /* Sources */ = {
			isa = PBXSourcesBuildPhase;
			buildActionMask = 2147483647;
			files = (
				565B65472B1E06EB0072925A /* ContentView.swift in Sources */,
				7C489DCB2C94B5C800339321 /* OnboardingComponentsInitialView.swift in Sources */,
				565B65452B1E06EB0072925A /* demo_swiftApp.swift in Sources */,
			);
			runOnlyForDeploymentPostprocessing = 0;
		};
/* End PBXSourcesBuildPhase section */

/* Begin XCBuildConfiguration section */
		565B654D2B1E06EC0072925A /* Debug */ = {
			isa = XCBuildConfiguration;
			buildSettings = {
				ALWAYS_SEARCH_USER_PATHS = NO;
				ASSETCATALOG_COMPILER_GENERATE_SWIFT_ASSET_SYMBOL_EXTENSIONS = YES;
				CLANG_ANALYZER_NONNULL = YES;
				CLANG_ANALYZER_NUMBER_OBJECT_CONVERSION = YES_AGGRESSIVE;
				CLANG_CXX_LANGUAGE_STANDARD = "gnu++20";
				CLANG_ENABLE_MODULES = YES;
				CLANG_ENABLE_OBJC_ARC = YES;
				CLANG_ENABLE_OBJC_WEAK = YES;
				CLANG_WARN_BLOCK_CAPTURE_AUTORELEASING = YES;
				CLANG_WARN_BOOL_CONVERSION = YES;
				CLANG_WARN_COMMA = YES;
				CLANG_WARN_CONSTANT_CONVERSION = YES;
				CLANG_WARN_DEPRECATED_OBJC_IMPLEMENTATIONS = YES;
				CLANG_WARN_DIRECT_OBJC_ISA_USAGE = YES_ERROR;
				CLANG_WARN_DOCUMENTATION_COMMENTS = YES;
				CLANG_WARN_EMPTY_BODY = YES;
				CLANG_WARN_ENUM_CONVERSION = YES;
				CLANG_WARN_INFINITE_RECURSION = YES;
				CLANG_WARN_INT_CONVERSION = YES;
				CLANG_WARN_NON_LITERAL_NULL_CONVERSION = YES;
				CLANG_WARN_OBJC_IMPLICIT_RETAIN_SELF = YES;
				CLANG_WARN_OBJC_LITERAL_CONVERSION = YES;
				CLANG_WARN_OBJC_ROOT_CLASS = YES_ERROR;
				CLANG_WARN_QUOTED_INCLUDE_IN_FRAMEWORK_HEADER = YES;
				CLANG_WARN_RANGE_LOOP_ANALYSIS = YES;
				CLANG_WARN_STRICT_PROTOTYPES = YES;
				CLANG_WARN_SUSPICIOUS_MOVE = YES;
				CLANG_WARN_UNGUARDED_AVAILABILITY = YES_AGGRESSIVE;
				CLANG_WARN_UNREACHABLE_CODE = YES;
				CLANG_WARN__DUPLICATE_METHOD_MATCH = YES;
				COPY_PHASE_STRIP = NO;
				DEBUG_INFORMATION_FORMAT = dwarf;
				ENABLE_STRICT_OBJC_MSGSEND = YES;
				ENABLE_TESTABILITY = YES;
				ENABLE_USER_SCRIPT_SANDBOXING = YES;
				GCC_C_LANGUAGE_STANDARD = gnu17;
				GCC_DYNAMIC_NO_PIC = NO;
				GCC_NO_COMMON_BLOCKS = YES;
				GCC_OPTIMIZATION_LEVEL = 0;
				GCC_PREPROCESSOR_DEFINITIONS = (
					"DEBUG=1",
					"$(inherited)",
				);
				GCC_WARN_64_TO_32_BIT_CONVERSION = YES;
				GCC_WARN_ABOUT_RETURN_TYPE = YES_ERROR;
				GCC_WARN_UNDECLARED_SELECTOR = YES;
				GCC_WARN_UNINITIALIZED_AUTOS = YES_AGGRESSIVE;
				GCC_WARN_UNUSED_FUNCTION = YES;
				GCC_WARN_UNUSED_VARIABLE = YES;
				IPHONEOS_DEPLOYMENT_TARGET = 17.0;
				LOCALIZATION_PREFERS_STRING_CATALOGS = YES;
				MTL_ENABLE_DEBUG_INFO = INCLUDE_SOURCE;
				MTL_FAST_MATH = YES;
				ONLY_ACTIVE_ARCH = YES;
				SDKROOT = iphoneos;
				SWIFT_ACTIVE_COMPILATION_CONDITIONS = "DEBUG $(inherited)";
				SWIFT_OPTIMIZATION_LEVEL = "-Onone";
			};
			name = Debug;
		};
		565B654E2B1E06EC0072925A /* Release */ = {
			isa = XCBuildConfiguration;
			buildSettings = {
				ALWAYS_SEARCH_USER_PATHS = NO;
				ASSETCATALOG_COMPILER_GENERATE_SWIFT_ASSET_SYMBOL_EXTENSIONS = YES;
				CLANG_ANALYZER_NONNULL = YES;
				CLANG_ANALYZER_NUMBER_OBJECT_CONVERSION = YES_AGGRESSIVE;
				CLANG_CXX_LANGUAGE_STANDARD = "gnu++20";
				CLANG_ENABLE_MODULES = YES;
				CLANG_ENABLE_OBJC_ARC = YES;
				CLANG_ENABLE_OBJC_WEAK = YES;
				CLANG_WARN_BLOCK_CAPTURE_AUTORELEASING = YES;
				CLANG_WARN_BOOL_CONVERSION = YES;
				CLANG_WARN_COMMA = YES;
				CLANG_WARN_CONSTANT_CONVERSION = YES;
				CLANG_WARN_DEPRECATED_OBJC_IMPLEMENTATIONS = YES;
				CLANG_WARN_DIRECT_OBJC_ISA_USAGE = YES_ERROR;
				CLANG_WARN_DOCUMENTATION_COMMENTS = YES;
				CLANG_WARN_EMPTY_BODY = YES;
				CLANG_WARN_ENUM_CONVERSION = YES;
				CLANG_WARN_INFINITE_RECURSION = YES;
				CLANG_WARN_INT_CONVERSION = YES;
				CLANG_WARN_NON_LITERAL_NULL_CONVERSION = YES;
				CLANG_WARN_OBJC_IMPLICIT_RETAIN_SELF = YES;
				CLANG_WARN_OBJC_LITERAL_CONVERSION = YES;
				CLANG_WARN_OBJC_ROOT_CLASS = YES_ERROR;
				CLANG_WARN_QUOTED_INCLUDE_IN_FRAMEWORK_HEADER = YES;
				CLANG_WARN_RANGE_LOOP_ANALYSIS = YES;
				CLANG_WARN_STRICT_PROTOTYPES = YES;
				CLANG_WARN_SUSPICIOUS_MOVE = YES;
				CLANG_WARN_UNGUARDED_AVAILABILITY = YES_AGGRESSIVE;
				CLANG_WARN_UNREACHABLE_CODE = YES;
				CLANG_WARN__DUPLICATE_METHOD_MATCH = YES;
				COPY_PHASE_STRIP = NO;
				DEBUG_INFORMATION_FORMAT = "dwarf-with-dsym";
				ENABLE_NS_ASSERTIONS = NO;
				ENABLE_STRICT_OBJC_MSGSEND = YES;
				ENABLE_USER_SCRIPT_SANDBOXING = YES;
				GCC_C_LANGUAGE_STANDARD = gnu17;
				GCC_NO_COMMON_BLOCKS = YES;
				GCC_WARN_64_TO_32_BIT_CONVERSION = YES;
				GCC_WARN_ABOUT_RETURN_TYPE = YES_ERROR;
				GCC_WARN_UNDECLARED_SELECTOR = YES;
				GCC_WARN_UNINITIALIZED_AUTOS = YES_AGGRESSIVE;
				GCC_WARN_UNUSED_FUNCTION = YES;
				GCC_WARN_UNUSED_VARIABLE = YES;
				IPHONEOS_DEPLOYMENT_TARGET = 17.0;
				LOCALIZATION_PREFERS_STRING_CATALOGS = YES;
				MTL_ENABLE_DEBUG_INFO = NO;
				MTL_FAST_MATH = YES;
				SDKROOT = iphoneos;
				SWIFT_COMPILATION_MODE = wholemodule;
				VALIDATE_PRODUCT = YES;
			};
			name = Release;
		};
		565B65502B1E06EC0072925A /* Debug */ = {
			isa = XCBuildConfiguration;
			buildSettings = {
				ASSETCATALOG_COMPILER_APPICON_NAME = AppIcon;
				ASSETCATALOG_COMPILER_GLOBAL_ACCENT_COLOR_NAME = AccentColor;
				CODE_SIGN_ENTITLEMENTS = "demo-swift/demo-swiftDebug.entitlements";
				CODE_SIGN_STYLE = Automatic;
				CURRENT_PROJECT_VERSION = 1;
				DEVELOPMENT_ASSET_PATHS = "\"demo-swift/Preview Content\"";
				DEVELOPMENT_TEAM = 5F264K8AG4;
				ENABLE_PREVIEWS = YES;
				GENERATE_INFOPLIST_FILE = YES;
				INFOPLIST_FILE = "demo-swift/Info.plist";
				INFOPLIST_KEY_UIApplicationSceneManifest_Generation = YES;
				INFOPLIST_KEY_UIApplicationSupportsIndirectInputEvents = YES;
				INFOPLIST_KEY_UILaunchScreen_Generation = YES;
				INFOPLIST_KEY_UISupportedInterfaceOrientations_iPad = "UIInterfaceOrientationPortrait UIInterfaceOrientationPortraitUpsideDown UIInterfaceOrientationLandscapeLeft UIInterfaceOrientationLandscapeRight";
				INFOPLIST_KEY_UISupportedInterfaceOrientations_iPhone = "UIInterfaceOrientationPortrait UIInterfaceOrientationLandscapeLeft UIInterfaceOrientationLandscapeRight";
				LD_RUNPATH_SEARCH_PATHS = (
					"$(inherited)",
					"@executable_path/Frameworks",
				);
				MARKETING_VERSION = 1.0;
				OTHER_LDFLAGS = (
					"-Xlinker",
					"-interposable",
				);
				PRODUCT_BUNDLE_IDENTIFIER = "com.onefootprint.demo-swift";
				PRODUCT_NAME = "$(TARGET_NAME)";
				SWIFT_EMIT_LOC_STRINGS = YES;
				SWIFT_VERSION = 5.0;
				TARGETED_DEVICE_FAMILY = "1,2";
			};
			name = Debug;
		};
		565B65512B1E06EC0072925A /* Release */ = {
			isa = XCBuildConfiguration;
			buildSettings = {
				ASSETCATALOG_COMPILER_APPICON_NAME = AppIcon;
				ASSETCATALOG_COMPILER_GLOBAL_ACCENT_COLOR_NAME = AccentColor;
				CODE_SIGN_ENTITLEMENTS = "demo-swift/demo-swiftRelease.entitlements";
				CODE_SIGN_STYLE = Automatic;
				CURRENT_PROJECT_VERSION = 1;
				DEVELOPMENT_ASSET_PATHS = "\"demo-swift/Preview Content\"";
				DEVELOPMENT_TEAM = 5F264K8AG4;
				ENABLE_PREVIEWS = YES;
				GENERATE_INFOPLIST_FILE = YES;
				INFOPLIST_FILE = "demo-swift/Info.plist";
				INFOPLIST_KEY_UIApplicationSceneManifest_Generation = YES;
				INFOPLIST_KEY_UIApplicationSupportsIndirectInputEvents = YES;
				INFOPLIST_KEY_UILaunchScreen_Generation = YES;
				INFOPLIST_KEY_UISupportedInterfaceOrientations_iPad = "UIInterfaceOrientationPortrait UIInterfaceOrientationPortraitUpsideDown UIInterfaceOrientationLandscapeLeft UIInterfaceOrientationLandscapeRight";
				INFOPLIST_KEY_UISupportedInterfaceOrientations_iPhone = "UIInterfaceOrientationPortrait UIInterfaceOrientationLandscapeLeft UIInterfaceOrientationLandscapeRight";
				LD_RUNPATH_SEARCH_PATHS = (
					"$(inherited)",
					"@executable_path/Frameworks",
				);
				MARKETING_VERSION = 1.0;
				OTHER_LDFLAGS = "";
				PRODUCT_BUNDLE_IDENTIFIER = "com.onefootprint.demo-swift";
				PRODUCT_NAME = "$(TARGET_NAME)";
				SWIFT_EMIT_LOC_STRINGS = YES;
				SWIFT_VERSION = 5.0;
				TARGETED_DEVICE_FAMILY = "1,2";
			};
			name = Release;
		};
/* End XCBuildConfiguration section */

/* Begin XCConfigurationList section */
		565B653C2B1E06EB0072925A /* Build configuration list for PBXProject "demo-swift" */ = {
			isa = XCConfigurationList;
			buildConfigurations = (
				565B654D2B1E06EC0072925A /* Debug */,
				565B654E2B1E06EC0072925A /* Release */,
			);
			defaultConfigurationIsVisible = 0;
			defaultConfigurationName = Release;
		};
		565B654F2B1E06EC0072925A /* Build configuration list for PBXNativeTarget "demo-swift" */ = {
			isa = XCConfigurationList;
			buildConfigurations = (
				565B65502B1E06EC0072925A /* Debug */,
				565B65512B1E06EC0072925A /* Release */,
			);
			defaultConfigurationIsVisible = 0;
			defaultConfigurationName = Release;
		};
/* End XCConfigurationList section */

/* Begin XCLocalSwiftPackageReference section */
		565B65522B1E06FB0072925A /* XCLocalSwiftPackageReference "../../packages/footprint-swift" */ = {
			isa = XCLocalSwiftPackageReference;
			relativePath = "../../packages/footprint-swift";
		};
/* End XCLocalSwiftPackageReference section */

/* Begin XCRemoteSwiftPackageReference section */
		7C489DCC2C94BB2400339321 /* XCRemoteSwiftPackageReference "Inject" */ = {
			isa = XCRemoteSwiftPackageReference;
			repositoryURL = "https://github.com/krzysztofzablocki/Inject.git";
			requirement = {
				kind = upToNextMajorVersion;
				minimumVersion = 1.5.2;
			};
		};
		7C489DCF2C94CD5F00339321 /* XCRemoteSwiftPackageReference "swift-custom-dump" */ = {
			isa = XCRemoteSwiftPackageReference;
			repositoryURL = "https://github.com/pointfreeco/swift-custom-dump";
			requirement = {
				kind = upToNextMajorVersion;
				minimumVersion = 1.3.3;
			};
		};
/* End XCRemoteSwiftPackageReference section */

/* Begin XCSwiftPackageProductDependency section */
		565B65532B1E06FB0072925A /* FootprintSwift */ = {
			isa = XCSwiftPackageProductDependency;
			productName = FootprintSwift;
		};
		7C489DCD2C94BB2400339321 /* Inject */ = {
			isa = XCSwiftPackageProductDependency;
			package = 7C489DCC2C94BB2400339321 /* XCRemoteSwiftPackageReference "Inject" */;
			productName = Inject;
		};
		7C489DD02C94CD5F00339321 /* CustomDump */ = {
			isa = XCSwiftPackageProductDependency;
			package = 7C489DCF2C94CD5F00339321 /* XCRemoteSwiftPackageReference "swift-custom-dump" */;
			productName = CustomDump;
		};
/* End XCSwiftPackageProductDependency section */
	};
	rootObject = 565B65392B1E06EB0072925A /* Project object */;
}
