// !$*UTF8*$!
{
	archiveVersion = 1;
	classes = {
	};
	objectVersion = 56;
	objects = {

/* Begin PBXBuildFile section */
		56B6C8602AFA7B11003FEEE5 /* DemoSwiftApp.swift in Sources */ = {isa = PBXBuildFile; fileRef = 56B6C85F2AFA7B11003FEEE5 /* DemoSwiftApp.swift */; };
		56B6C8622AFA7B11003FEEE5 /* ContentView.swift in Sources */ = {isa = PBXBuildFile; fileRef = 56B6C8612AFA7B11003FEEE5 /* ContentView.swift */; };
		56B6C8642AFA7B12003FEEE5 /* Assets.xcassets in Resources */ = {isa = PBXBuildFile; fileRef = 56B6C8632AFA7B12003FEEE5 /* Assets.xcassets */; };
		56B6C8672AFA7B12003FEEE5 /* Preview Assets.xcassets in Resources */ = {isa = PBXBuildFile; fileRef = 56B6C8662AFA7B12003FEEE5 /* Preview Assets.xcassets */; };
		56B6C8712AFA7B12003FEEE5 /* DemoSwiftTests.swift in Sources */ = {isa = PBXBuildFile; fileRef = 56B6C8702AFA7B12003FEEE5 /* DemoSwiftTests.swift */; };
		56B6C87B2AFA7B12003FEEE5 /* DemoSwiftUITests.swift in Sources */ = {isa = PBXBuildFile; fileRef = 56B6C87A2AFA7B12003FEEE5 /* DemoSwiftUITests.swift */; };
		56B6C87D2AFA7B12003FEEE5 /* DemoSwiftUITestsLaunchTests.swift in Sources */ = {isa = PBXBuildFile; fileRef = 56B6C87C2AFA7B12003FEEE5 /* DemoSwiftUITestsLaunchTests.swift */; };
/* End PBXBuildFile section */

/* Begin PBXContainerItemProxy section */
		56B6C86D2AFA7B12003FEEE5 /* PBXContainerItemProxy */ = {
			isa = PBXContainerItemProxy;
			containerPortal = 56B6C8542AFA7B11003FEEE5 /* Project object */;
			proxyType = 1;
			remoteGlobalIDString = 56B6C85B2AFA7B11003FEEE5;
			remoteInfo = DemoSwift;
		};
		56B6C8772AFA7B12003FEEE5 /* PBXContainerItemProxy */ = {
			isa = PBXContainerItemProxy;
			containerPortal = 56B6C8542AFA7B11003FEEE5 /* Project object */;
			proxyType = 1;
			remoteGlobalIDString = 56B6C85B2AFA7B11003FEEE5;
			remoteInfo = DemoSwift;
		};
/* End PBXContainerItemProxy section */

/* Begin PBXFileReference section */
		56B6C85C2AFA7B11003FEEE5 /* DemoSwift.app */ = {isa = PBXFileReference; explicitFileType = wrapper.application; includeInIndex = 0; path = DemoSwift.app; sourceTree = BUILT_PRODUCTS_DIR; };
		56B6C85F2AFA7B11003FEEE5 /* DemoSwiftApp.swift */ = {isa = PBXFileReference; lastKnownFileType = sourcecode.swift; path = DemoSwiftApp.swift; sourceTree = "<group>"; };
		56B6C8612AFA7B11003FEEE5 /* ContentView.swift */ = {isa = PBXFileReference; lastKnownFileType = sourcecode.swift; path = ContentView.swift; sourceTree = "<group>"; };
		56B6C8632AFA7B12003FEEE5 /* Assets.xcassets */ = {isa = PBXFileReference; lastKnownFileType = folder.assetcatalog; path = Assets.xcassets; sourceTree = "<group>"; };
		56B6C8662AFA7B12003FEEE5 /* Preview Assets.xcassets */ = {isa = PBXFileReference; lastKnownFileType = folder.assetcatalog; path = "Preview Assets.xcassets"; sourceTree = "<group>"; };
		56B6C86C2AFA7B12003FEEE5 /* DemoSwiftTests.xctest */ = {isa = PBXFileReference; explicitFileType = wrapper.cfbundle; includeInIndex = 0; path = DemoSwiftTests.xctest; sourceTree = BUILT_PRODUCTS_DIR; };
		56B6C8702AFA7B12003FEEE5 /* DemoSwiftTests.swift */ = {isa = PBXFileReference; lastKnownFileType = sourcecode.swift; path = DemoSwiftTests.swift; sourceTree = "<group>"; };
		56B6C8762AFA7B12003FEEE5 /* DemoSwiftUITests.xctest */ = {isa = PBXFileReference; explicitFileType = wrapper.cfbundle; includeInIndex = 0; path = DemoSwiftUITests.xctest; sourceTree = BUILT_PRODUCTS_DIR; };
		56B6C87A2AFA7B12003FEEE5 /* DemoSwiftUITests.swift */ = {isa = PBXFileReference; lastKnownFileType = sourcecode.swift; path = DemoSwiftUITests.swift; sourceTree = "<group>"; };
		56B6C87C2AFA7B12003FEEE5 /* DemoSwiftUITestsLaunchTests.swift */ = {isa = PBXFileReference; lastKnownFileType = sourcecode.swift; path = DemoSwiftUITestsLaunchTests.swift; sourceTree = "<group>"; };
/* End PBXFileReference section */

/* Begin PBXFrameworksBuildPhase section */
		56B6C8592AFA7B11003FEEE5 /* Frameworks */ = {
			isa = PBXFrameworksBuildPhase;
			buildActionMask = 2147483647;
			files = (
			);
			runOnlyForDeploymentPostprocessing = 0;
		};
		56B6C8692AFA7B12003FEEE5 /* Frameworks */ = {
			isa = PBXFrameworksBuildPhase;
			buildActionMask = 2147483647;
			files = (
			);
			runOnlyForDeploymentPostprocessing = 0;
		};
		56B6C8732AFA7B12003FEEE5 /* Frameworks */ = {
			isa = PBXFrameworksBuildPhase;
			buildActionMask = 2147483647;
			files = (
			);
			runOnlyForDeploymentPostprocessing = 0;
		};
/* End PBXFrameworksBuildPhase section */

/* Begin PBXGroup section */
		56B6C8532AFA7B11003FEEE5 = {
			isa = PBXGroup;
			children = (
				56B6C85E2AFA7B11003FEEE5 /* DemoSwift */,
				56B6C86F2AFA7B12003FEEE5 /* DemoSwiftTests */,
				56B6C8792AFA7B12003FEEE5 /* DemoSwiftUITests */,
				56B6C85D2AFA7B11003FEEE5 /* Products */,
			);
			sourceTree = "<group>";
		};
		56B6C85D2AFA7B11003FEEE5 /* Products */ = {
			isa = PBXGroup;
			children = (
				56B6C85C2AFA7B11003FEEE5 /* DemoSwift.app */,
				56B6C86C2AFA7B12003FEEE5 /* DemoSwiftTests.xctest */,
				56B6C8762AFA7B12003FEEE5 /* DemoSwiftUITests.xctest */,
			);
			name = Products;
			sourceTree = "<group>";
		};
		56B6C85E2AFA7B11003FEEE5 /* DemoSwift */ = {
			isa = PBXGroup;
			children = (
				56B6C85F2AFA7B11003FEEE5 /* DemoSwiftApp.swift */,
				56B6C8612AFA7B11003FEEE5 /* ContentView.swift */,
				56B6C8632AFA7B12003FEEE5 /* Assets.xcassets */,
				56B6C8652AFA7B12003FEEE5 /* Preview Content */,
			);
			path = DemoSwift;
			sourceTree = "<group>";
		};
		56B6C8652AFA7B12003FEEE5 /* Preview Content */ = {
			isa = PBXGroup;
			children = (
				56B6C8662AFA7B12003FEEE5 /* Preview Assets.xcassets */,
			);
			path = "Preview Content";
			sourceTree = "<group>";
		};
		56B6C86F2AFA7B12003FEEE5 /* DemoSwiftTests */ = {
			isa = PBXGroup;
			children = (
				56B6C8702AFA7B12003FEEE5 /* DemoSwiftTests.swift */,
			);
			path = DemoSwiftTests;
			sourceTree = "<group>";
		};
		56B6C8792AFA7B12003FEEE5 /* DemoSwiftUITests */ = {
			isa = PBXGroup;
			children = (
				56B6C87A2AFA7B12003FEEE5 /* DemoSwiftUITests.swift */,
				56B6C87C2AFA7B12003FEEE5 /* DemoSwiftUITestsLaunchTests.swift */,
			);
			path = DemoSwiftUITests;
			sourceTree = "<group>";
		};
/* End PBXGroup section */

/* Begin PBXNativeTarget section */
		56B6C85B2AFA7B11003FEEE5 /* DemoSwift */ = {
			isa = PBXNativeTarget;
			buildConfigurationList = 56B6C8802AFA7B12003FEEE5 /* Build configuration list for PBXNativeTarget "DemoSwift" */;
			buildPhases = (
				56B6C8582AFA7B11003FEEE5 /* Sources */,
				56B6C8592AFA7B11003FEEE5 /* Frameworks */,
				56B6C85A2AFA7B11003FEEE5 /* Resources */,
			);
			buildRules = (
			);
			dependencies = (
			);
			name = DemoSwift;
			productName = DemoSwift;
			productReference = 56B6C85C2AFA7B11003FEEE5 /* DemoSwift.app */;
			productType = "com.apple.product-type.application";
		};
		56B6C86B2AFA7B12003FEEE5 /* DemoSwiftTests */ = {
			isa = PBXNativeTarget;
			buildConfigurationList = 56B6C8832AFA7B12003FEEE5 /* Build configuration list for PBXNativeTarget "DemoSwiftTests" */;
			buildPhases = (
				56B6C8682AFA7B12003FEEE5 /* Sources */,
				56B6C8692AFA7B12003FEEE5 /* Frameworks */,
				56B6C86A2AFA7B12003FEEE5 /* Resources */,
			);
			buildRules = (
			);
			dependencies = (
				56B6C86E2AFA7B12003FEEE5 /* PBXTargetDependency */,
			);
			name = DemoSwiftTests;
			productName = DemoSwiftTests;
			productReference = 56B6C86C2AFA7B12003FEEE5 /* DemoSwiftTests.xctest */;
			productType = "com.apple.product-type.bundle.unit-test";
		};
		56B6C8752AFA7B12003FEEE5 /* DemoSwiftUITests */ = {
			isa = PBXNativeTarget;
			buildConfigurationList = 56B6C8862AFA7B12003FEEE5 /* Build configuration list for PBXNativeTarget "DemoSwiftUITests" */;
			buildPhases = (
				56B6C8722AFA7B12003FEEE5 /* Sources */,
				56B6C8732AFA7B12003FEEE5 /* Frameworks */,
				56B6C8742AFA7B12003FEEE5 /* Resources */,
			);
			buildRules = (
			);
			dependencies = (
				56B6C8782AFA7B12003FEEE5 /* PBXTargetDependency */,
			);
			name = DemoSwiftUITests;
			productName = DemoSwiftUITests;
			productReference = 56B6C8762AFA7B12003FEEE5 /* DemoSwiftUITests.xctest */;
			productType = "com.apple.product-type.bundle.ui-testing";
		};
/* End PBXNativeTarget section */

/* Begin PBXProject section */
		56B6C8542AFA7B11003FEEE5 /* Project object */ = {
			isa = PBXProject;
			attributes = {
				BuildIndependentTargetsInParallel = 1;
				LastSwiftUpdateCheck = 1500;
				LastUpgradeCheck = 1500;
				TargetAttributes = {
					56B6C85B2AFA7B11003FEEE5 = {
						CreatedOnToolsVersion = 15.0.1;
					};
					56B6C86B2AFA7B12003FEEE5 = {
						CreatedOnToolsVersion = 15.0.1;
						TestTargetID = 56B6C85B2AFA7B11003FEEE5;
					};
					56B6C8752AFA7B12003FEEE5 = {
						CreatedOnToolsVersion = 15.0.1;
						TestTargetID = 56B6C85B2AFA7B11003FEEE5;
					};
				};
			};
			buildConfigurationList = 56B6C8572AFA7B11003FEEE5 /* Build configuration list for PBXProject "DemoSwift" */;
			compatibilityVersion = "Xcode 14.0";
			developmentRegion = en;
			hasScannedForEncodings = 0;
			knownRegions = (
				en,
				Base,
			);
			mainGroup = 56B6C8532AFA7B11003FEEE5;
			productRefGroup = 56B6C85D2AFA7B11003FEEE5 /* Products */;
			projectDirPath = "";
			projectRoot = "";
			targets = (
				56B6C85B2AFA7B11003FEEE5 /* DemoSwift */,
				56B6C86B2AFA7B12003FEEE5 /* DemoSwiftTests */,
				56B6C8752AFA7B12003FEEE5 /* DemoSwiftUITests */,
			);
		};
/* End PBXProject section */

/* Begin PBXResourcesBuildPhase section */
		56B6C85A2AFA7B11003FEEE5 /* Resources */ = {
			isa = PBXResourcesBuildPhase;
			buildActionMask = 2147483647;
			files = (
				56B6C8672AFA7B12003FEEE5 /* Preview Assets.xcassets in Resources */,
				56B6C8642AFA7B12003FEEE5 /* Assets.xcassets in Resources */,
			);
			runOnlyForDeploymentPostprocessing = 0;
		};
		56B6C86A2AFA7B12003FEEE5 /* Resources */ = {
			isa = PBXResourcesBuildPhase;
			buildActionMask = 2147483647;
			files = (
			);
			runOnlyForDeploymentPostprocessing = 0;
		};
		56B6C8742AFA7B12003FEEE5 /* Resources */ = {
			isa = PBXResourcesBuildPhase;
			buildActionMask = 2147483647;
			files = (
			);
			runOnlyForDeploymentPostprocessing = 0;
		};
/* End PBXResourcesBuildPhase section */

/* Begin PBXSourcesBuildPhase section */
		56B6C8582AFA7B11003FEEE5 /* Sources */ = {
			isa = PBXSourcesBuildPhase;
			buildActionMask = 2147483647;
			files = (
				56B6C8622AFA7B11003FEEE5 /* ContentView.swift in Sources */,
				56B6C8602AFA7B11003FEEE5 /* DemoSwiftApp.swift in Sources */,
			);
			runOnlyForDeploymentPostprocessing = 0;
		};
		56B6C8682AFA7B12003FEEE5 /* Sources */ = {
			isa = PBXSourcesBuildPhase;
			buildActionMask = 2147483647;
			files = (
				56B6C8712AFA7B12003FEEE5 /* DemoSwiftTests.swift in Sources */,
			);
			runOnlyForDeploymentPostprocessing = 0;
		};
		56B6C8722AFA7B12003FEEE5 /* Sources */ = {
			isa = PBXSourcesBuildPhase;
			buildActionMask = 2147483647;
			files = (
				56B6C87B2AFA7B12003FEEE5 /* DemoSwiftUITests.swift in Sources */,
				56B6C87D2AFA7B12003FEEE5 /* DemoSwiftUITestsLaunchTests.swift in Sources */,
			);
			runOnlyForDeploymentPostprocessing = 0;
		};
/* End PBXSourcesBuildPhase section */

/* Begin PBXTargetDependency section */
		56B6C86E2AFA7B12003FEEE5 /* PBXTargetDependency */ = {
			isa = PBXTargetDependency;
			target = 56B6C85B2AFA7B11003FEEE5 /* DemoSwift */;
			targetProxy = 56B6C86D2AFA7B12003FEEE5 /* PBXContainerItemProxy */;
		};
		56B6C8782AFA7B12003FEEE5 /* PBXTargetDependency */ = {
			isa = PBXTargetDependency;
			target = 56B6C85B2AFA7B11003FEEE5 /* DemoSwift */;
			targetProxy = 56B6C8772AFA7B12003FEEE5 /* PBXContainerItemProxy */;
		};
/* End PBXTargetDependency section */

/* Begin XCBuildConfiguration section */
		56B6C87E2AFA7B12003FEEE5 /* Debug */ = {
			isa = XCBuildConfiguration;
			buildSettings = {
				ALWAYS_SEARCH_USER_PATHS = NO;
				ASSETCATALOG_COMPILER_GENERATE_SWIFT_ASSET_SYMBOL_EXTENSIONS = YES;
				CLANG_ANALYZER_NONNULL = YES;
				CLANG_ANALYZER_NUMBER_OBJECT_CONVERSION = YES_AGGRESSIVE;
				CLANG_CXX_LANGUAGE_STANDARD = "gnu++20";
				CLANG_ENABLE_MODULES = YES;
				CLANG_ENABLE_OBJC_ARC = YES;
				CLANG_ENABLE_OBJC_WEAK = YES;
				CLANG_WARN_BLOCK_CAPTURE_AUTORELEASING = YES;
				CLANG_WARN_BOOL_CONVERSION = YES;
				CLANG_WARN_COMMA = YES;
				CLANG_WARN_CONSTANT_CONVERSION = YES;
				CLANG_WARN_DEPRECATED_OBJC_IMPLEMENTATIONS = YES;
				CLANG_WARN_DIRECT_OBJC_ISA_USAGE = YES_ERROR;
				CLANG_WARN_DOCUMENTATION_COMMENTS = YES;
				CLANG_WARN_EMPTY_BODY = YES;
				CLANG_WARN_ENUM_CONVERSION = YES;
				CLANG_WARN_INFINITE_RECURSION = YES;
				CLANG_WARN_INT_CONVERSION = YES;
				CLANG_WARN_NON_LITERAL_NULL_CONVERSION = YES;
				CLANG_WARN_OBJC_IMPLICIT_RETAIN_SELF = YES;
				CLANG_WARN_OBJC_LITERAL_CONVERSION = YES;
				CLANG_WARN_OBJC_ROOT_CLASS = YES_ERROR;
				CLANG_WARN_QUOTED_INCLUDE_IN_FRAMEWORK_HEADER = YES;
				CLANG_WARN_RANGE_LOOP_ANALYSIS = YES;
				CLANG_WARN_STRICT_PROTOTYPES = YES;
				CLANG_WARN_SUSPICIOUS_MOVE = YES;
				CLANG_WARN_UNGUARDED_AVAILABILITY = YES_AGGRESSIVE;
				CLANG_WARN_UNREACHABLE_CODE = YES;
				CLANG_WARN__DUPLICATE_METHOD_MATCH = YES;
				COPY_PHASE_STRIP = NO;
				DEBUG_INFORMATION_FORMAT = dwarf;
				ENABLE_STRICT_OBJC_MSGSEND = YES;
				ENABLE_TESTABILITY = YES;
				ENABLE_USER_SCRIPT_SANDBOXING = YES;
				GCC_C_LANGUAGE_STANDARD = gnu17;
				GCC_DYNAMIC_NO_PIC = NO;
				GCC_NO_COMMON_BLOCKS = YES;
				GCC_OPTIMIZATION_LEVEL = 0;
				GCC_PREPROCESSOR_DEFINITIONS = (
					"DEBUG=1",
					"$(inherited)",
				);
				GCC_WARN_64_TO_32_BIT_CONVERSION = YES;
				GCC_WARN_ABOUT_RETURN_TYPE = YES_ERROR;
				GCC_WARN_UNDECLARED_SELECTOR = YES;
				GCC_WARN_UNINITIALIZED_AUTOS = YES_AGGRESSIVE;
				GCC_WARN_UNUSED_FUNCTION = YES;
				GCC_WARN_UNUSED_VARIABLE = YES;
				IPHONEOS_DEPLOYMENT_TARGET = 17.0;
				LOCALIZATION_PREFERS_STRING_CATALOGS = YES;
				MTL_ENABLE_DEBUG_INFO = INCLUDE_SOURCE;
				MTL_FAST_MATH = YES;
				ONLY_ACTIVE_ARCH = YES;
				SDKROOT = iphoneos;
				SWIFT_ACTIVE_COMPILATION_CONDITIONS = "DEBUG $(inherited)";
				SWIFT_OPTIMIZATION_LEVEL = "-Onone";
			};
			name = Debug;
		};
		56B6C87F2AFA7B12003FEEE5 /* Release */ = {
			isa = XCBuildConfiguration;
			buildSettings = {
				ALWAYS_SEARCH_USER_PATHS = NO;
				ASSETCATALOG_COMPILER_GENERATE_SWIFT_ASSET_SYMBOL_EXTENSIONS = YES;
				CLANG_ANALYZER_NONNULL = YES;
				CLANG_ANALYZER_NUMBER_OBJECT_CONVERSION = YES_AGGRESSIVE;
				CLANG_CXX_LANGUAGE_STANDARD = "gnu++20";
				CLANG_ENABLE_MODULES = YES;
				CLANG_ENABLE_OBJC_ARC = YES;
				CLANG_ENABLE_OBJC_WEAK = YES;
				CLANG_WARN_BLOCK_CAPTURE_AUTORELEASING = YES;
				CLANG_WARN_BOOL_CONVERSION = YES;
				CLANG_WARN_COMMA = YES;
				CLANG_WARN_CONSTANT_CONVERSION = YES;
				CLANG_WARN_DEPRECATED_OBJC_IMPLEMENTATIONS = YES;
				CLANG_WARN_DIRECT_OBJC_ISA_USAGE = YES_ERROR;
				CLANG_WARN_DOCUMENTATION_COMMENTS = YES;
				CLANG_WARN_EMPTY_BODY = YES;
				CLANG_WARN_ENUM_CONVERSION = YES;
				CLANG_WARN_INFINITE_RECURSION = YES;
				CLANG_WARN_INT_CONVERSION = YES;
				CLANG_WARN_NON_LITERAL_NULL_CONVERSION = YES;
				CLANG_WARN_OBJC_IMPLICIT_RETAIN_SELF = YES;
				CLANG_WARN_OBJC_LITERAL_CONVERSION = YES;
				CLANG_WARN_OBJC_ROOT_CLASS = YES_ERROR;
				CLANG_WARN_QUOTED_INCLUDE_IN_FRAMEWORK_HEADER = YES;
				CLANG_WARN_RANGE_LOOP_ANALYSIS = YES;
				CLANG_WARN_STRICT_PROTOTYPES = YES;
				CLANG_WARN_SUSPICIOUS_MOVE = YES;
				CLANG_WARN_UNGUARDED_AVAILABILITY = YES_AGGRESSIVE;
				CLANG_WARN_UNREACHABLE_CODE = YES;
				CLANG_WARN__DUPLICATE_METHOD_MATCH = YES;
				COPY_PHASE_STRIP = NO;
				DEBUG_INFORMATION_FORMAT = "dwarf-with-dsym";
				ENABLE_NS_ASSERTIONS = NO;
				ENABLE_STRICT_OBJC_MSGSEND = YES;
				ENABLE_USER_SCRIPT_SANDBOXING = YES;
				GCC_C_LANGUAGE_STANDARD = gnu17;
				GCC_NO_COMMON_BLOCKS = YES;
				GCC_WARN_64_TO_32_BIT_CONVERSION = YES;
				GCC_WARN_ABOUT_RETURN_TYPE = YES_ERROR;
				GCC_WARN_UNDECLARED_SELECTOR = YES;
				GCC_WARN_UNINITIALIZED_AUTOS = YES_AGGRESSIVE;
				GCC_WARN_UNUSED_FUNCTION = YES;
				GCC_WARN_UNUSED_VARIABLE = YES;
				IPHONEOS_DEPLOYMENT_TARGET = 17.0;
				LOCALIZATION_PREFERS_STRING_CATALOGS = YES;
				MTL_ENABLE_DEBUG_INFO = NO;
				MTL_FAST_MATH = YES;
				SDKROOT = iphoneos;
				SWIFT_COMPILATION_MODE = wholemodule;
				VALIDATE_PRODUCT = YES;
			};
			name = Release;
		};
		56B6C8812AFA7B12003FEEE5 /* Debug */ = {
			isa = XCBuildConfiguration;
			buildSettings = {
				ASSETCATALOG_COMPILER_APPICON_NAME = AppIcon;
				ASSETCATALOG_COMPILER_GLOBAL_ACCENT_COLOR_NAME = AccentColor;
				CODE_SIGN_STYLE = Automatic;
				CURRENT_PROJECT_VERSION = 1;
				DEVELOPMENT_ASSET_PATHS = "\"DemoSwift/Preview Content\"";
				DEVELOPMENT_TEAM = 5F264K8AG4;
				ENABLE_PREVIEWS = YES;
				GENERATE_INFOPLIST_FILE = YES;
				INFOPLIST_KEY_UIApplicationSceneManifest_Generation = YES;
				INFOPLIST_KEY_UIApplicationSupportsIndirectInputEvents = YES;
				INFOPLIST_KEY_UILaunchScreen_Generation = YES;
				INFOPLIST_KEY_UISupportedInterfaceOrientations_iPad = "UIInterfaceOrientationPortrait UIInterfaceOrientationPortraitUpsideDown UIInterfaceOrientationLandscapeLeft UIInterfaceOrientationLandscapeRight";
				INFOPLIST_KEY_UISupportedInterfaceOrientations_iPhone = "UIInterfaceOrientationPortrait UIInterfaceOrientationLandscapeLeft UIInterfaceOrientationLandscapeRight";
				LD_RUNPATH_SEARCH_PATHS = (
					"$(inherited)",
					"@executable_path/Frameworks",
				);
				MARKETING_VERSION = 1.0;
				PRODUCT_BUNDLE_IDENTIFIER = footprint.DemoSwift;
				PRODUCT_NAME = "$(TARGET_NAME)";
				SWIFT_EMIT_LOC_STRINGS = YES;
				SWIFT_VERSION = 5.0;
				TARGETED_DEVICE_FAMILY = "1,2";
			};
			name = Debug;
		};
		56B6C8822AFA7B12003FEEE5 /* Release */ = {
			isa = XCBuildConfiguration;
			buildSettings = {
				ASSETCATALOG_COMPILER_APPICON_NAME = AppIcon;
				ASSETCATALOG_COMPILER_GLOBAL_ACCENT_COLOR_NAME = AccentColor;
				CODE_SIGN_STYLE = Automatic;
				CURRENT_PROJECT_VERSION = 1;
				DEVELOPMENT_ASSET_PATHS = "\"DemoSwift/Preview Content\"";
				DEVELOPMENT_TEAM = 5F264K8AG4;
				ENABLE_PREVIEWS = YES;
				GENERATE_INFOPLIST_FILE = YES;
				INFOPLIST_KEY_UIApplicationSceneManifest_Generation = YES;
				INFOPLIST_KEY_UIApplicationSupportsIndirectInputEvents = YES;
				INFOPLIST_KEY_UILaunchScreen_Generation = YES;
				INFOPLIST_KEY_UISupportedInterfaceOrientations_iPad = "UIInterfaceOrientationPortrait UIInterfaceOrientationPortraitUpsideDown UIInterfaceOrientationLandscapeLeft UIInterfaceOrientationLandscapeRight";
				INFOPLIST_KEY_UISupportedInterfaceOrientations_iPhone = "UIInterfaceOrientationPortrait UIInterfaceOrientationLandscapeLeft UIInterfaceOrientationLandscapeRight";
				LD_RUNPATH_SEARCH_PATHS = (
					"$(inherited)",
					"@executable_path/Frameworks",
				);
				MARKETING_VERSION = 1.0;
				PRODUCT_BUNDLE_IDENTIFIER = footprint.DemoSwift;
				PRODUCT_NAME = "$(TARGET_NAME)";
				SWIFT_EMIT_LOC_STRINGS = YES;
				SWIFT_VERSION = 5.0;
				TARGETED_DEVICE_FAMILY = "1,2";
			};
			name = Release;
		};
		56B6C8842AFA7B12003FEEE5 /* Debug */ = {
			isa = XCBuildConfiguration;
			buildSettings = {
				ALWAYS_EMBED_SWIFT_STANDARD_LIBRARIES = YES;
				BUNDLE_LOADER = "$(TEST_HOST)";
				CODE_SIGN_STYLE = Automatic;
				CURRENT_PROJECT_VERSION = 1;
				DEVELOPMENT_TEAM = 5F264K8AG4;
				GENERATE_INFOPLIST_FILE = YES;
				IPHONEOS_DEPLOYMENT_TARGET = 17.0;
				MARKETING_VERSION = 1.0;
				PRODUCT_BUNDLE_IDENTIFIER = footprint.DemoSwiftTests;
				PRODUCT_NAME = "$(TARGET_NAME)";
				SWIFT_EMIT_LOC_STRINGS = NO;
				SWIFT_VERSION = 5.0;
				TARGETED_DEVICE_FAMILY = "1,2";
				TEST_HOST = "$(BUILT_PRODUCTS_DIR)/DemoSwift.app/$(BUNDLE_EXECUTABLE_FOLDER_PATH)/DemoSwift";
			};
			name = Debug;
		};
		56B6C8852AFA7B12003FEEE5 /* Release */ = {
			isa = XCBuildConfiguration;
			buildSettings = {
				ALWAYS_EMBED_SWIFT_STANDARD_LIBRARIES = YES;
				BUNDLE_LOADER = "$(TEST_HOST)";
				CODE_SIGN_STYLE = Automatic;
				CURRENT_PROJECT_VERSION = 1;
				DEVELOPMENT_TEAM = 5F264K8AG4;
				GENERATE_INFOPLIST_FILE = YES;
				IPHONEOS_DEPLOYMENT_TARGET = 17.0;
				MARKETING_VERSION = 1.0;
				PRODUCT_BUNDLE_IDENTIFIER = footprint.DemoSwiftTests;
				PRODUCT_NAME = "$(TARGET_NAME)";
				SWIFT_EMIT_LOC_STRINGS = NO;
				SWIFT_VERSION = 5.0;
				TARGETED_DEVICE_FAMILY = "1,2";
				TEST_HOST = "$(BUILT_PRODUCTS_DIR)/DemoSwift.app/$(BUNDLE_EXECUTABLE_FOLDER_PATH)/DemoSwift";
			};
			name = Release;
		};
		56B6C8872AFA7B12003FEEE5 /* Debug */ = {
			isa = XCBuildConfiguration;
			buildSettings = {
				ALWAYS_EMBED_SWIFT_STANDARD_LIBRARIES = YES;
				CODE_SIGN_STYLE = Automatic;
				CURRENT_PROJECT_VERSION = 1;
				DEVELOPMENT_TEAM = 5F264K8AG4;
				GENERATE_INFOPLIST_FILE = YES;
				MARKETING_VERSION = 1.0;
				PRODUCT_BUNDLE_IDENTIFIER = footprint.DemoSwiftUITests;
				PRODUCT_NAME = "$(TARGET_NAME)";
				SWIFT_EMIT_LOC_STRINGS = NO;
				SWIFT_VERSION = 5.0;
				TARGETED_DEVICE_FAMILY = "1,2";
				TEST_TARGET_NAME = DemoSwift;
			};
			name = Debug;
		};
		56B6C8882AFA7B12003FEEE5 /* Release */ = {
			isa = XCBuildConfiguration;
			buildSettings = {
				ALWAYS_EMBED_SWIFT_STANDARD_LIBRARIES = YES;
				CODE_SIGN_STYLE = Automatic;
				CURRENT_PROJECT_VERSION = 1;
				DEVELOPMENT_TEAM = 5F264K8AG4;
				GENERATE_INFOPLIST_FILE = YES;
				MARKETING_VERSION = 1.0;
				PRODUCT_BUNDLE_IDENTIFIER = footprint.DemoSwiftUITests;
				PRODUCT_NAME = "$(TARGET_NAME)";
				SWIFT_EMIT_LOC_STRINGS = NO;
				SWIFT_VERSION = 5.0;
				TARGETED_DEVICE_FAMILY = "1,2";
				TEST_TARGET_NAME = DemoSwift;
			};
			name = Release;
		};
/* End XCBuildConfiguration section */

/* Begin XCConfigurationList section */
		56B6C8572AFA7B11003FEEE5 /* Build configuration list for PBXProject "DemoSwift" */ = {
			isa = XCConfigurationList;
			buildConfigurations = (
				56B6C87E2AFA7B12003FEEE5 /* Debug */,
				56B6C87F2AFA7B12003FEEE5 /* Release */,
			);
			defaultConfigurationIsVisible = 0;
			defaultConfigurationName = Release;
		};
		56B6C8802AFA7B12003FEEE5 /* Build configuration list for PBXNativeTarget "DemoSwift" */ = {
			isa = XCConfigurationList;
			buildConfigurations = (
				56B6C8812AFA7B12003FEEE5 /* Debug */,
				56B6C8822AFA7B12003FEEE5 /* Release */,
			);
			defaultConfigurationIsVisible = 0;
			defaultConfigurationName = Release;
		};
		56B6C8832AFA7B12003FEEE5 /* Build configuration list for PBXNativeTarget "DemoSwiftTests" */ = {
			isa = XCConfigurationList;
			buildConfigurations = (
				56B6C8842AFA7B12003FEEE5 /* Debug */,
				56B6C8852AFA7B12003FEEE5 /* Release */,
			);
			defaultConfigurationIsVisible = 0;
			defaultConfigurationName = Release;
		};
		56B6C8862AFA7B12003FEEE5 /* Build configuration list for PBXNativeTarget "DemoSwiftUITests" */ = {
			isa = XCConfigurationList;
			buildConfigurations = (
				56B6C8872AFA7B12003FEEE5 /* Debug */,
				56B6C8882AFA7B12003FEEE5 /* Release */,
			);
			defaultConfigurationIsVisible = 0;
			defaultConfigurationName = Release;
		};
/* End XCConfigurationList section */
	};
	rootObject = 56B6C8542AFA7B11003FEEE5 /* Project object */;
}
